// !$*UTF8*$!
{
	archiveVersion = 1;
	classes = {
	};
	objectVersion = 46;
	objects = {

/* Begin PBXBuildFile section */
		891F1F83196391F700796F46 /* UIColor+DCColorful.m in Sources */ = {isa = PBXBuildFile; fileRef = 891F1F82196391F700796F46 /* UIColor+DCColorful.m */; };
		892EE3AA1938C36400571890 /* NSBundle+DCLibrarySupport.h in Headers */ = {isa = PBXBuildFile; fileRef = 892EE3A81938C36400571890 /* NSBundle+DCLibrarySupport.h */; settings = {ATTRIBUTES = (Public, ); }; };
		892EE3AB1938C36400571890 /* NSBundle+DCLibrarySupport.m in Sources */ = {isa = PBXBuildFile; fileRef = 892EE3A91938C36400571890 /* NSBundle+DCLibrarySupport.m */; };
		892EE3AC1938C36400571890 /* NSBundle+DCLibrarySupport.m in Sources */ = {isa = PBXBuildFile; fileRef = 892EE3A91938C36400571890 /* NSBundle+DCLibrarySupport.m */; };
		892EE3AD1938C36400571890 /* NSBundle+DCLibrarySupport.m in Sources */ = {isa = PBXBuildFile; fileRef = 892EE3A91938C36400571890 /* NSBundle+DCLibrarySupport.m */; };
		892EE3AE1938C36400571890 /* NSBundle+DCLibrarySupport.m in Sources */ = {isa = PBXBuildFile; fileRef = 892EE3A91938C36400571890 /* NSBundle+DCLibrarySupport.m */; };
		892EE3B11938C4BB00571890 /* UIImage+DCLibrarySupport.m in Sources */ = {isa = PBXBuildFile; fileRef = 892EE3B01938C4BB00571890 /* UIImage+DCLibrarySupport.m */; };
		892EE3B21938C4BB00571890 /* UIImage+DCLibrarySupport.m in Sources */ = {isa = PBXBuildFile; fileRef = 892EE3B01938C4BB00571890 /* UIImage+DCLibrarySupport.m */; };
		892EE3B91938C61200571890 /* NSData+DCLibrarySupport.h in Headers */ = {isa = PBXBuildFile; fileRef = 892EE3B71938C61200571890 /* NSData+DCLibrarySupport.h */; settings = {ATTRIBUTES = (Public, ); }; };
		892EE3BA1938C61200571890 /* NSData+DCLibrarySupport.m in Sources */ = {isa = PBXBuildFile; fileRef = 892EE3B81938C61200571890 /* NSData+DCLibrarySupport.m */; };
		892EE3BB1938C61200571890 /* NSData+DCLibrarySupport.m in Sources */ = {isa = PBXBuildFile; fileRef = 892EE3B81938C61200571890 /* NSData+DCLibrarySupport.m */; };
		892EE3BC1938C61200571890 /* NSData+DCLibrarySupport.m in Sources */ = {isa = PBXBuildFile; fileRef = 892EE3B81938C61200571890 /* NSData+DCLibrarySupport.m */; };
		892EE3BD1938C61200571890 /* NSData+DCLibrarySupport.m in Sources */ = {isa = PBXBuildFile; fileRef = 892EE3B81938C61200571890 /* NSData+DCLibrarySupport.m */; };
		89347B391964F70100BCD74C /* NSMutableArray+DCGCDThreadSafe.h in Headers */ = {isa = PBXBuildFile; fileRef = 89347B2D1964F70100BCD74C /* NSMutableArray+DCGCDThreadSafe.h */; settings = {ATTRIBUTES = (Public, ); }; };
		89347B3A1964F70100BCD74C /* NSMutableArray+DCGCDThreadSafe.m in Sources */ = {isa = PBXBuildFile; fileRef = 89347B2E1964F70100BCD74C /* NSMutableArray+DCGCDThreadSafe.m */; };
		89347B3B1964F70100BCD74C /* NSMutableArray+DCGCDThreadSafe.m in Sources */ = {isa = PBXBuildFile; fileRef = 89347B2E1964F70100BCD74C /* NSMutableArray+DCGCDThreadSafe.m */; };
		89347B3C1964F70100BCD74C /* NSMutableData+DCGCDThreadSafe.h in Headers */ = {isa = PBXBuildFile; fileRef = 89347B2F1964F70100BCD74C /* NSMutableData+DCGCDThreadSafe.h */; settings = {ATTRIBUTES = (Public, ); }; };
		89347B3D1964F70100BCD74C /* NSMutableData+DCGCDThreadSafe.m in Sources */ = {isa = PBXBuildFile; fileRef = 89347B301964F70100BCD74C /* NSMutableData+DCGCDThreadSafe.m */; };
		89347B3E1964F70100BCD74C /* NSMutableData+DCGCDThreadSafe.m in Sources */ = {isa = PBXBuildFile; fileRef = 89347B301964F70100BCD74C /* NSMutableData+DCGCDThreadSafe.m */; };
		89347B3F1964F70100BCD74C /* NSMutableDictionary+DCGCDThreadSafe.h in Headers */ = {isa = PBXBuildFile; fileRef = 89347B311964F70100BCD74C /* NSMutableDictionary+DCGCDThreadSafe.h */; settings = {ATTRIBUTES = (Public, ); }; };
		89347B401964F70100BCD74C /* NSMutableDictionary+DCGCDThreadSafe.m in Sources */ = {isa = PBXBuildFile; fileRef = 89347B321964F70100BCD74C /* NSMutableDictionary+DCGCDThreadSafe.m */; };
		89347B411964F70100BCD74C /* NSMutableDictionary+DCGCDThreadSafe.m in Sources */ = {isa = PBXBuildFile; fileRef = 89347B321964F70100BCD74C /* NSMutableDictionary+DCGCDThreadSafe.m */; };
		89347B421964F70100BCD74C /* NSMutableSet+DCGCDThreadSafe.h in Headers */ = {isa = PBXBuildFile; fileRef = 89347B331964F70100BCD74C /* NSMutableSet+DCGCDThreadSafe.h */; settings = {ATTRIBUTES = (Public, ); }; };
		89347B431964F70100BCD74C /* NSMutableSet+DCGCDThreadSafe.m in Sources */ = {isa = PBXBuildFile; fileRef = 89347B341964F70100BCD74C /* NSMutableSet+DCGCDThreadSafe.m */; };
		89347B441964F70100BCD74C /* NSMutableSet+DCGCDThreadSafe.m in Sources */ = {isa = PBXBuildFile; fileRef = 89347B341964F70100BCD74C /* NSMutableSet+DCGCDThreadSafe.m */; };
		89347B451964F70100BCD74C /* NSMutableString+DCGCDThreadSafe.h in Headers */ = {isa = PBXBuildFile; fileRef = 89347B351964F70100BCD74C /* NSMutableString+DCGCDThreadSafe.h */; settings = {ATTRIBUTES = (Public, ); }; };
		89347B461964F70100BCD74C /* NSMutableString+DCGCDThreadSafe.m in Sources */ = {isa = PBXBuildFile; fileRef = 89347B361964F70100BCD74C /* NSMutableString+DCGCDThreadSafe.m */; };
		89347B471964F70100BCD74C /* NSMutableString+DCGCDThreadSafe.m in Sources */ = {isa = PBXBuildFile; fileRef = 89347B361964F70100BCD74C /* NSMutableString+DCGCDThreadSafe.m */; };
		89347B481964F70100BCD74C /* NSObject+DCGCDThreadSafe.h in Headers */ = {isa = PBXBuildFile; fileRef = 89347B371964F70100BCD74C /* NSObject+DCGCDThreadSafe.h */; settings = {ATTRIBUTES = (Public, ); }; };
		89347B491964F70100BCD74C /* NSObject+DCGCDThreadSafe.m in Sources */ = {isa = PBXBuildFile; fileRef = 89347B381964F70100BCD74C /* NSObject+DCGCDThreadSafe.m */; };
		89347B4A1964F70100BCD74C /* NSObject+DCGCDThreadSafe.m in Sources */ = {isa = PBXBuildFile; fileRef = 89347B381964F70100BCD74C /* NSObject+DCGCDThreadSafe.m */; };
		89347B4F1964F77800BCD74C /* NSViewController+DCViewLogic.h in Headers */ = {isa = PBXBuildFile; fileRef = 89347B4B1964F77800BCD74C /* NSViewController+DCViewLogic.h */; settings = {ATTRIBUTES = (Public, ); }; };
		89347B501964F77800BCD74C /* NSViewController+DCViewLogic.m in Sources */ = {isa = PBXBuildFile; fileRef = 89347B4C1964F77800BCD74C /* NSViewController+DCViewLogic.m */; };
		89347B511964F77800BCD74C /* NSWindowController+DCCenterToScreen.h in Headers */ = {isa = PBXBuildFile; fileRef = 89347B4D1964F77800BCD74C /* NSWindowController+DCCenterToScreen.h */; settings = {ATTRIBUTES = (Public, ); }; };
		89347B521964F77800BCD74C /* NSWindowController+DCCenterToScreen.m in Sources */ = {isa = PBXBuildFile; fileRef = 89347B4E1964F77800BCD74C /* NSWindowController+DCCenterToScreen.m */; };
		89347B591964F84900BCD74C /* NSURL+DCUTTypeSupport.m in Sources */ = {isa = PBXBuildFile; fileRef = 89347B531964F84900BCD74C /* NSURL+DCUTTypeSupport.m */; };
		89347B5A1964F84900BCD74C /* NSURL+DCUTTypeSupport.m in Sources */ = {isa = PBXBuildFile; fileRef = 89347B531964F84900BCD74C /* NSURL+DCUTTypeSupport.m */; };
		89347B5B1964F84900BCD74C /* NSURL+DCUTTypeSupport.h in Headers */ = {isa = PBXBuildFile; fileRef = 89347B541964F84900BCD74C /* NSURL+DCUTTypeSupport.h */; settings = {ATTRIBUTES = (Public, ); }; };
		89347B5C1964F84900BCD74C /* NSObject+DCSwizzle.m in Sources */ = {isa = PBXBuildFile; fileRef = 89347B551964F84900BCD74C /* NSObject+DCSwizzle.m */; };
		89347B5D1964F84900BCD74C /* NSObject+DCSwizzle.m in Sources */ = {isa = PBXBuildFile; fileRef = 89347B551964F84900BCD74C /* NSObject+DCSwizzle.m */; };
		89347B5E1964F84900BCD74C /* NSObject+DCMainThreadAsyncReactive.h in Headers */ = {isa = PBXBuildFile; fileRef = 89347B561964F84900BCD74C /* NSObject+DCMainThreadAsyncReactive.h */; settings = {ATTRIBUTES = (Public, ); }; };
		89347B5F1964F84900BCD74C /* NSObject+DCMainThreadAsyncReactive.m in Sources */ = {isa = PBXBuildFile; fileRef = 89347B571964F84900BCD74C /* NSObject+DCMainThreadAsyncReactive.m */; };
		89347B601964F84900BCD74C /* NSObject+DCMainThreadAsyncReactive.m in Sources */ = {isa = PBXBuildFile; fileRef = 89347B571964F84900BCD74C /* NSObject+DCMainThreadAsyncReactive.m */; };
		89347B611964F84900BCD74C /* NSObject+DCSwizzle.h in Headers */ = {isa = PBXBuildFile; fileRef = 89347B581964F84900BCD74C /* NSObject+DCSwizzle.h */; settings = {ATTRIBUTES = (Public, ); }; };
		894DF6E919394C0B00EF9C9C /* UIViewController+DCLibrarySupport.m in Sources */ = {isa = PBXBuildFile; fileRef = 894DF6E819394C0B00EF9C9C /* UIViewController+DCLibrarySupport.m */; };
		894DF6EA19394C0B00EF9C9C /* UIViewController+DCLibrarySupport.m in Sources */ = {isa = PBXBuildFile; fileRef = 894DF6E819394C0B00EF9C9C /* UIViewController+DCLibrarySupport.m */; };
		8952D2ED196CDD260068CBCF /* MobileCoreServices.framework in Frameworks */ = {isa = PBXBuildFile; fileRef = 8952D2EC196CDD260068CBCF /* MobileCoreServices.framework */; };
		8952D2F0196CE3410068CBCF /* NSArray+DCContentExtension.h in Headers */ = {isa = PBXBuildFile; fileRef = 8952D2EE196CE3410068CBCF /* NSArray+DCContentExtension.h */; settings = {ATTRIBUTES = (Public, ); }; };
		8952D2F1196CE3410068CBCF /* NSArray+DCContentExtension.m in Sources */ = {isa = PBXBuildFile; fileRef = 8952D2EF196CE3410068CBCF /* NSArray+DCContentExtension.m */; };
		8952D2F2196CE3410068CBCF /* NSArray+DCContentExtension.m in Sources */ = {isa = PBXBuildFile; fileRef = 8952D2EF196CE3410068CBCF /* NSArray+DCContentExtension.m */; };
		8952D2F5196D07230068CBCF /* NSObject+DCUUIDExtension.h in Headers */ = {isa = PBXBuildFile; fileRef = 8952D2F3196D07230068CBCF /* NSObject+DCUUIDExtension.h */; settings = {ATTRIBUTES = (Public, ); }; };
		8952D2F6196D07230068CBCF /* NSObject+DCUUIDExtension.m in Sources */ = {isa = PBXBuildFile; fileRef = 8952D2F4196D07230068CBCF /* NSObject+DCUUIDExtension.m */; };
		8952D2F7196D07230068CBCF /* NSObject+DCUUIDExtension.m in Sources */ = {isa = PBXBuildFile; fileRef = 8952D2F4196D07230068CBCF /* NSObject+DCUUIDExtension.m */; };
		8987B4C1196F781500852C5D /* DCTree.h in Headers */ = {isa = PBXBuildFile; fileRef = 8987B4BD196F781500852C5D /* DCTree.h */; };
		8987B4C2196F781500852C5D /* DCTree.m in Sources */ = {isa = PBXBuildFile; fileRef = 8987B4BE196F781500852C5D /* DCTree.m */; };
		8987B4C3196F781500852C5D /* DCTree.m in Sources */ = {isa = PBXBuildFile; fileRef = 8987B4BE196F781500852C5D /* DCTree.m */; };
		8987B4C4196F781500852C5D /* DCTreeNode.h in Headers */ = {isa = PBXBuildFile; fileRef = 8987B4BF196F781500852C5D /* DCTreeNode.h */; };
		8987B4C5196F781500852C5D /* DCTreeNode.m in Sources */ = {isa = PBXBuildFile; fileRef = 8987B4C0196F781500852C5D /* DCTreeNode.m */; };
		8987B4C6196F781500852C5D /* DCTreeNode.m in Sources */ = {isa = PBXBuildFile; fileRef = 8987B4C0196F781500852C5D /* DCTreeNode.m */; };
		89CA258A1962FE1300471681 /* NSColor+DCColorful.h in Headers */ = {isa = PBXBuildFile; fileRef = 89CA25881962FE1300471681 /* NSColor+DCColorful.h */; settings = {ATTRIBUTES = (Public, ); }; };
		89CA258B1962FE1300471681 /* NSColor+DCColorful.m in Sources */ = {isa = PBXBuildFile; fileRef = 89CA25891962FE1300471681 /* NSColor+DCColorful.m */; };
		89E137441925B11000A3EFB7 /* Cocoa.framework in Frameworks */ = {isa = PBXBuildFile; fileRef = 89E137431925B11000A3EFB7 /* Cocoa.framework */; };
		89E1374E1925B11000A3EFB7 /* InfoPlist.strings in Resources */ = {isa = PBXBuildFile; fileRef = 89E1374C1925B11000A3EFB7 /* InfoPlist.strings */; };
		89E137591925B11000A3EFB7 /* XCTest.framework in Frameworks */ = {isa = PBXBuildFile; fileRef = 89E137581925B11000A3EFB7 /* XCTest.framework */; };
		89E1375A1925B11000A3EFB7 /* Cocoa.framework in Frameworks */ = {isa = PBXBuildFile; fileRef = 89E137431925B11000A3EFB7 /* Cocoa.framework */; };
		89E1375D1925B11000A3EFB7 /* Tourbillon.framework in Frameworks */ = {isa = PBXBuildFile; fileRef = 89E137401925B11000A3EFB7 /* Tourbillon.framework */; };
		89E137631925B11000A3EFB7 /* InfoPlist.strings in Resources */ = {isa = PBXBuildFile; fileRef = 89E137611925B11000A3EFB7 /* InfoPlist.strings */; };
		89E137651925B11000A3EFB7 /* TourbillonTests.m in Sources */ = {isa = PBXBuildFile; fileRef = 89E137641925B11000A3EFB7 /* TourbillonTests.m */; };
		89E137741925B13D00A3EFB7 /* Foundation.framework in Frameworks */ = {isa = PBXBuildFile; fileRef = 89E137731925B13D00A3EFB7 /* Foundation.framework */; };
		89E137811925B13D00A3EFB7 /* XCTest.framework in Frameworks */ = {isa = PBXBuildFile; fileRef = 89E137581925B11000A3EFB7 /* XCTest.framework */; };
		89E137821925B13D00A3EFB7 /* Foundation.framework in Frameworks */ = {isa = PBXBuildFile; fileRef = 89E137731925B13D00A3EFB7 /* Foundation.framework */; };
		89E137841925B13D00A3EFB7 /* UIKit.framework in Frameworks */ = {isa = PBXBuildFile; fileRef = 89E137831925B13D00A3EFB7 /* UIKit.framework */; };
		89E137871925B13D00A3EFB7 /* libTourbillon-iOS.a in Frameworks */ = {isa = PBXBuildFile; fileRef = 89E137721925B13D00A3EFB7 /* libTourbillon-iOS.a */; };
		89E1378D1925B13D00A3EFB7 /* InfoPlist.strings in Resources */ = {isa = PBXBuildFile; fileRef = 89E1378B1925B13D00A3EFB7 /* InfoPlist.strings */; };
		89E1378F1925B13D00A3EFB7 /* Tourbillon_iOSTests.m in Sources */ = {isa = PBXBuildFile; fileRef = 89E1378E1925B13D00A3EFB7 /* Tourbillon_iOSTests.m */; };
		89E137AE1925B24800A3EFB7 /* DCBase64Define.h in Headers */ = {isa = PBXBuildFile; fileRef = 89E137971925B24800A3EFB7 /* DCBase64Define.h */; settings = {ATTRIBUTES = (Public, ); }; };
		89E137B41925B24800A3EFB7 /* NSData+DCBase64.h in Headers */ = {isa = PBXBuildFile; fileRef = 89E1379A1925B24800A3EFB7 /* NSData+DCBase64.h */; settings = {ATTRIBUTES = (Public, ); }; };
		89E137B51925B24800A3EFB7 /* NSData+DCBase64.m in Sources */ = {isa = PBXBuildFile; fileRef = 89E1379B1925B24800A3EFB7 /* NSData+DCBase64.m */; };
		89E137B61925B24800A3EFB7 /* NSData+DCBase64.m in Sources */ = {isa = PBXBuildFile; fileRef = 89E1379B1925B24800A3EFB7 /* NSData+DCBase64.m */; };
		89E137B71925B24800A3EFB7 /* NSData+DCBase64.m in Sources */ = {isa = PBXBuildFile; fileRef = 89E1379B1925B24800A3EFB7 /* NSData+DCBase64.m */; };
		89E137B81925B24800A3EFB7 /* NSData+DCBase64.m in Sources */ = {isa = PBXBuildFile; fileRef = 89E1379B1925B24800A3EFB7 /* NSData+DCBase64.m */; };
		89E137BE1925B24800A3EFB7 /* NSDictionary+DCSortable.h in Headers */ = {isa = PBXBuildFile; fileRef = 89E1379E1925B24800A3EFB7 /* NSDictionary+DCSortable.h */; settings = {ATTRIBUTES = (Public, ); }; };
		89E137BF1925B24800A3EFB7 /* NSDictionary+DCSortable.m in Sources */ = {isa = PBXBuildFile; fileRef = 89E1379F1925B24800A3EFB7 /* NSDictionary+DCSortable.m */; };
		89E137C01925B24800A3EFB7 /* NSDictionary+DCSortable.m in Sources */ = {isa = PBXBuildFile; fileRef = 89E1379F1925B24800A3EFB7 /* NSDictionary+DCSortable.m */; };
		89E137C11925B24800A3EFB7 /* NSDictionary+DCSortable.m in Sources */ = {isa = PBXBuildFile; fileRef = 89E1379F1925B24800A3EFB7 /* NSDictionary+DCSortable.m */; };
		89E137C21925B24800A3EFB7 /* NSDictionary+DCSortable.m in Sources */ = {isa = PBXBuildFile; fileRef = 89E1379F1925B24800A3EFB7 /* NSDictionary+DCSortable.m */; };
		89E137C31925B24800A3EFB7 /* NSNumber+DCRandom.h in Headers */ = {isa = PBXBuildFile; fileRef = 89E137A01925B24800A3EFB7 /* NSNumber+DCRandom.h */; settings = {ATTRIBUTES = (Public, ); }; };
		89E137C41925B24800A3EFB7 /* NSNumber+DCRandom.m in Sources */ = {isa = PBXBuildFile; fileRef = 89E137A11925B24800A3EFB7 /* NSNumber+DCRandom.m */; };
		89E137C51925B24800A3EFB7 /* NSNumber+DCRandom.m in Sources */ = {isa = PBXBuildFile; fileRef = 89E137A11925B24800A3EFB7 /* NSNumber+DCRandom.m */; };
		89E137C61925B24800A3EFB7 /* NSNumber+DCRandom.m in Sources */ = {isa = PBXBuildFile; fileRef = 89E137A11925B24800A3EFB7 /* NSNumber+DCRandom.m */; };
		89E137C71925B24800A3EFB7 /* NSNumber+DCRandom.m in Sources */ = {isa = PBXBuildFile; fileRef = 89E137A11925B24800A3EFB7 /* NSNumber+DCRandom.m */; };
		89E137CD1925B24800A3EFB7 /* NSString+DCBase64.h in Headers */ = {isa = PBXBuildFile; fileRef = 89E137A41925B24800A3EFB7 /* NSString+DCBase64.h */; settings = {ATTRIBUTES = (Public, ); }; };
		89E137CE1925B24800A3EFB7 /* NSString+DCBase64.m in Sources */ = {isa = PBXBuildFile; fileRef = 89E137A51925B24800A3EFB7 /* NSString+DCBase64.m */; };
		89E137CF1925B24800A3EFB7 /* NSString+DCBase64.m in Sources */ = {isa = PBXBuildFile; fileRef = 89E137A51925B24800A3EFB7 /* NSString+DCBase64.m */; };
		89E137D01925B24800A3EFB7 /* NSString+DCBase64.m in Sources */ = {isa = PBXBuildFile; fileRef = 89E137A51925B24800A3EFB7 /* NSString+DCBase64.m */; };
		89E137D11925B24800A3EFB7 /* NSString+DCBase64.m in Sources */ = {isa = PBXBuildFile; fileRef = 89E137A51925B24800A3EFB7 /* NSString+DCBase64.m */; };
		89E137D21925B24800A3EFB7 /* NSString+DCCrypto.h in Headers */ = {isa = PBXBuildFile; fileRef = 89E137A61925B24800A3EFB7 /* NSString+DCCrypto.h */; settings = {ATTRIBUTES = (Public, ); }; };
		89E137D31925B24800A3EFB7 /* NSString+DCCrypto.m in Sources */ = {isa = PBXBuildFile; fileRef = 89E137A71925B24800A3EFB7 /* NSString+DCCrypto.m */; };
		89E137D41925B24800A3EFB7 /* NSString+DCCrypto.m in Sources */ = {isa = PBXBuildFile; fileRef = 89E137A71925B24800A3EFB7 /* NSString+DCCrypto.m */; };
		89E137D51925B24800A3EFB7 /* NSString+DCCrypto.m in Sources */ = {isa = PBXBuildFile; fileRef = 89E137A71925B24800A3EFB7 /* NSString+DCCrypto.m */; };
		89E137D61925B24800A3EFB7 /* NSString+DCCrypto.m in Sources */ = {isa = PBXBuildFile; fileRef = 89E137A71925B24800A3EFB7 /* NSString+DCCrypto.m */; };
		89E137D71925B24800A3EFB7 /* NSString+DCParseCSV.h in Headers */ = {isa = PBXBuildFile; fileRef = 89E137A81925B24800A3EFB7 /* NSString+DCParseCSV.h */; settings = {ATTRIBUTES = (Public, ); }; };
		89E137D81925B24800A3EFB7 /* NSString+DCParseCSV.m in Sources */ = {isa = PBXBuildFile; fileRef = 89E137A91925B24800A3EFB7 /* NSString+DCParseCSV.m */; };
		89E137D91925B24800A3EFB7 /* NSString+DCParseCSV.m in Sources */ = {isa = PBXBuildFile; fileRef = 89E137A91925B24800A3EFB7 /* NSString+DCParseCSV.m */; };
		89E137DA1925B24800A3EFB7 /* NSString+DCParseCSV.m in Sources */ = {isa = PBXBuildFile; fileRef = 89E137A91925B24800A3EFB7 /* NSString+DCParseCSV.m */; };
		89E137DB1925B24800A3EFB7 /* NSString+DCParseCSV.m in Sources */ = {isa = PBXBuildFile; fileRef = 89E137A91925B24800A3EFB7 /* NSString+DCParseCSV.m */; };
		89E137DC1925B24800A3EFB7 /* NSString+DCURLCoding.h in Headers */ = {isa = PBXBuildFile; fileRef = 89E137AA1925B24800A3EFB7 /* NSString+DCURLCoding.h */; settings = {ATTRIBUTES = (Public, ); }; };
		89E137DD1925B24800A3EFB7 /* NSString+DCURLCoding.m in Sources */ = {isa = PBXBuildFile; fileRef = 89E137AB1925B24800A3EFB7 /* NSString+DCURLCoding.m */; };
		89E137DE1925B24800A3EFB7 /* NSString+DCURLCoding.m in Sources */ = {isa = PBXBuildFile; fileRef = 89E137AB1925B24800A3EFB7 /* NSString+DCURLCoding.m */; };
		89E137DF1925B24800A3EFB7 /* NSString+DCURLCoding.m in Sources */ = {isa = PBXBuildFile; fileRef = 89E137AB1925B24800A3EFB7 /* NSString+DCURLCoding.m */; };
		89E137E01925B24800A3EFB7 /* NSString+DCURLCoding.m in Sources */ = {isa = PBXBuildFile; fileRef = 89E137AB1925B24800A3EFB7 /* NSString+DCURLCoding.m */; };
		89E137EC1925B24F00A3EFB7 /* DCCommonConstants.h in Headers */ = {isa = PBXBuildFile; fileRef = 89E137E71925B24F00A3EFB7 /* DCCommonConstants.h */; settings = {ATTRIBUTES = (Public, ); }; };
		89E137ED1925B24F00A3EFB7 /* DCLogger.h in Headers */ = {isa = PBXBuildFile; fileRef = 89E137E81925B24F00A3EFB7 /* DCLogger.h */; settings = {ATTRIBUTES = (Public, ); }; };
		89E137EE1925B24F00A3EFB7 /* DCLogger.m in Sources */ = {isa = PBXBuildFile; fileRef = 89E137E91925B24F00A3EFB7 /* DCLogger.m */; };
		89E137EF1925B24F00A3EFB7 /* DCLogger.m in Sources */ = {isa = PBXBuildFile; fileRef = 89E137E91925B24F00A3EFB7 /* DCLogger.m */; };
		89E137F01925B24F00A3EFB7 /* DCLogger.m in Sources */ = {isa = PBXBuildFile; fileRef = 89E137E91925B24F00A3EFB7 /* DCLogger.m */; };
		89E137F11925B24F00A3EFB7 /* DCLogger.m in Sources */ = {isa = PBXBuildFile; fileRef = 89E137E91925B24F00A3EFB7 /* DCLogger.m */; };
		89E137F21925B24F00A3EFB7 /* DCSafeARC.h in Headers */ = {isa = PBXBuildFile; fileRef = 89E137EA1925B24F00A3EFB7 /* DCSafeARC.h */; settings = {ATTRIBUTES = (Public, ); }; };
		89E137F31925B24F00A3EFB7 /* DCSingletonTemplate.h in Headers */ = {isa = PBXBuildFile; fileRef = 89E137EB1925B24F00A3EFB7 /* DCSingletonTemplate.h */; settings = {ATTRIBUTES = (Public, ); }; };
		89E137F71925B25600A3EFB7 /* DCTestBlocker.h in Headers */ = {isa = PBXBuildFile; fileRef = 89E137F51925B25600A3EFB7 /* DCTestBlocker.h */; settings = {ATTRIBUTES = (Public, ); }; };
		89E137F81925B25600A3EFB7 /* DCTestBlocker.m in Sources */ = {isa = PBXBuildFile; fileRef = 89E137F61925B25600A3EFB7 /* DCTestBlocker.m */; };
		89E137F91925B25600A3EFB7 /* DCTestBlocker.m in Sources */ = {isa = PBXBuildFile; fileRef = 89E137F61925B25600A3EFB7 /* DCTestBlocker.m */; };
		89E137FA1925B25600A3EFB7 /* DCTestBlocker.m in Sources */ = {isa = PBXBuildFile; fileRef = 89E137F61925B25600A3EFB7 /* DCTestBlocker.m */; };
		89E137FB1925B25600A3EFB7 /* DCTestBlocker.m in Sources */ = {isa = PBXBuildFile; fileRef = 89E137F61925B25600A3EFB7 /* DCTestBlocker.m */; };
		89E138121925B25C00A3EFB7 /* DCAtomicSetters.h in Headers */ = {isa = PBXBuildFile; fileRef = 89E137FD1925B25C00A3EFB7 /* DCAtomicSetters.h */; settings = {ATTRIBUTES = (Public, ); }; };
		89E138131925B25C00A3EFB7 /* DCCommonUtility.h in Headers */ = {isa = PBXBuildFile; fileRef = 89E137FE1925B25C00A3EFB7 /* DCCommonUtility.h */; settings = {ATTRIBUTES = (Public, ); }; };
		89E138141925B25C00A3EFB7 /* DCCommonUtility.m in Sources */ = {isa = PBXBuildFile; fileRef = 89E137FF1925B25C00A3EFB7 /* DCCommonUtility.m */; };
		89E138151925B25C00A3EFB7 /* DCCommonUtility.m in Sources */ = {isa = PBXBuildFile; fileRef = 89E137FF1925B25C00A3EFB7 /* DCCommonUtility.m */; };
		89E138161925B25C00A3EFB7 /* DCCommonUtility.m in Sources */ = {isa = PBXBuildFile; fileRef = 89E137FF1925B25C00A3EFB7 /* DCCommonUtility.m */; };
		89E138171925B25C00A3EFB7 /* DCCommonUtility.m in Sources */ = {isa = PBXBuildFile; fileRef = 89E137FF1925B25C00A3EFB7 /* DCCommonUtility.m */; };
		89E138181925B25C00A3EFB7 /* DCHTTPOperation.h in Headers */ = {isa = PBXBuildFile; fileRef = 89E138001925B25C00A3EFB7 /* DCHTTPOperation.h */; settings = {ATTRIBUTES = (Public, ); }; };
		89E138191925B25C00A3EFB7 /* DCHTTPOperation.m in Sources */ = {isa = PBXBuildFile; fileRef = 89E138011925B25C00A3EFB7 /* DCHTTPOperation.m */; };
		89E1381A1925B25C00A3EFB7 /* DCHTTPOperation.m in Sources */ = {isa = PBXBuildFile; fileRef = 89E138011925B25C00A3EFB7 /* DCHTTPOperation.m */; };
		89E1381B1925B25C00A3EFB7 /* DCHTTPOperation.m in Sources */ = {isa = PBXBuildFile; fileRef = 89E138011925B25C00A3EFB7 /* DCHTTPOperation.m */; };
		89E1381C1925B25C00A3EFB7 /* DCHTTPOperation.m in Sources */ = {isa = PBXBuildFile; fileRef = 89E138011925B25C00A3EFB7 /* DCHTTPOperation.m */; };
		89E1381D1925B25C00A3EFB7 /* DCImageUtility.h in Headers */ = {isa = PBXBuildFile; fileRef = 89E138021925B25C00A3EFB7 /* DCImageUtility.h */; settings = {ATTRIBUTES = (Public, ); }; };
		89E1381E1925B25C00A3EFB7 /* DCImageUtility.m in Sources */ = {isa = PBXBuildFile; fileRef = 89E138031925B25C00A3EFB7 /* DCImageUtility.m */; };
		89E1381F1925B25C00A3EFB7 /* DCImageUtility.m in Sources */ = {isa = PBXBuildFile; fileRef = 89E138031925B25C00A3EFB7 /* DCImageUtility.m */; };
		89E138201925B25C00A3EFB7 /* DCImageUtility.m in Sources */ = {isa = PBXBuildFile; fileRef = 89E138031925B25C00A3EFB7 /* DCImageUtility.m */; };
		89E138211925B25C00A3EFB7 /* DCImageUtility.m in Sources */ = {isa = PBXBuildFile; fileRef = 89E138031925B25C00A3EFB7 /* DCImageUtility.m */; };
		89E138221925B25C00A3EFB7 /* DCRPNUtility.h in Headers */ = {isa = PBXBuildFile; fileRef = 89E138041925B25C00A3EFB7 /* DCRPNUtility.h */; settings = {ATTRIBUTES = (Public, ); }; };
		89E138231925B25C00A3EFB7 /* DCRPNUtility.m in Sources */ = {isa = PBXBuildFile; fileRef = 89E138051925B25C00A3EFB7 /* DCRPNUtility.m */; };
		89E138241925B25C00A3EFB7 /* DCRPNUtility.m in Sources */ = {isa = PBXBuildFile; fileRef = 89E138051925B25C00A3EFB7 /* DCRPNUtility.m */; };
		89E138251925B25C00A3EFB7 /* DCRPNUtility.m in Sources */ = {isa = PBXBuildFile; fileRef = 89E138051925B25C00A3EFB7 /* DCRPNUtility.m */; };
		89E138261925B25C00A3EFB7 /* DCRPNUtility.m in Sources */ = {isa = PBXBuildFile; fileRef = 89E138051925B25C00A3EFB7 /* DCRPNUtility.m */; };
		89E138271925B25C00A3EFB7 /* DCRunLoopOperation.h in Headers */ = {isa = PBXBuildFile; fileRef = 89E138061925B25C00A3EFB7 /* DCRunLoopOperation.h */; settings = {ATTRIBUTES = (Public, ); }; };
		89E138281925B25C00A3EFB7 /* DCRunLoopOperation.m in Sources */ = {isa = PBXBuildFile; fileRef = 89E138071925B25C00A3EFB7 /* DCRunLoopOperation.m */; };
		89E138291925B25C00A3EFB7 /* DCRunLoopOperation.m in Sources */ = {isa = PBXBuildFile; fileRef = 89E138071925B25C00A3EFB7 /* DCRunLoopOperation.m */; };
		89E1382A1925B25C00A3EFB7 /* DCRunLoopOperation.m in Sources */ = {isa = PBXBuildFile; fileRef = 89E138071925B25C00A3EFB7 /* DCRunLoopOperation.m */; };
		89E1382B1925B25C00A3EFB7 /* DCRunLoopOperation.m in Sources */ = {isa = PBXBuildFile; fileRef = 89E138071925B25C00A3EFB7 /* DCRunLoopOperation.m */; };
		89E1382C1925B25C00A3EFB7 /* DCStack.h in Headers */ = {isa = PBXBuildFile; fileRef = 89E138081925B25C00A3EFB7 /* DCStack.h */; settings = {ATTRIBUTES = (Public, ); }; };
		89E1382D1925B25C00A3EFB7 /* DCStack.m in Sources */ = {isa = PBXBuildFile; fileRef = 89E138091925B25C00A3EFB7 /* DCStack.m */; };
		89E1382E1925B25C00A3EFB7 /* DCStack.m in Sources */ = {isa = PBXBuildFile; fileRef = 89E138091925B25C00A3EFB7 /* DCStack.m */; };
		89E1382F1925B25C00A3EFB7 /* DCStack.m in Sources */ = {isa = PBXBuildFile; fileRef = 89E138091925B25C00A3EFB7 /* DCStack.m */; };
		89E138301925B25C00A3EFB7 /* DCStack.m in Sources */ = {isa = PBXBuildFile; fileRef = 89E138091925B25C00A3EFB7 /* DCStack.m */; };
		89E138361925B25C00A3EFB7 /* DCUIMainThreadGuard.h in Headers */ = {isa = PBXBuildFile; fileRef = 89E1380C1925B25C00A3EFB7 /* DCUIMainThreadGuard.h */; settings = {ATTRIBUTES = (Public, ); }; };
		89E138371925B25C00A3EFB7 /* DCUIMainThreadGuard.m in Sources */ = {isa = PBXBuildFile; fileRef = 89E1380D1925B25C00A3EFB7 /* DCUIMainThreadGuard.m */; };
		89E138381925B25C00A3EFB7 /* DCUIMainThreadGuard.m in Sources */ = {isa = PBXBuildFile; fileRef = 89E1380D1925B25C00A3EFB7 /* DCUIMainThreadGuard.m */; };
		89E138391925B25C00A3EFB7 /* DCUIMainThreadGuard.m in Sources */ = {isa = PBXBuildFile; fileRef = 89E1380D1925B25C00A3EFB7 /* DCUIMainThreadGuard.m */; };
		89E1383A1925B25C00A3EFB7 /* DCUIMainThreadGuard.m in Sources */ = {isa = PBXBuildFile; fileRef = 89E1380D1925B25C00A3EFB7 /* DCUIMainThreadGuard.m */; };
		89E1383B1925B25C00A3EFB7 /* DCWatchedOperationQueue.h in Headers */ = {isa = PBXBuildFile; fileRef = 89E1380E1925B25C00A3EFB7 /* DCWatchedOperationQueue.h */; settings = {ATTRIBUTES = (Public, ); }; };
		89E1383C1925B25C00A3EFB7 /* DCWatchedOperationQueue.m in Sources */ = {isa = PBXBuildFile; fileRef = 89E1380F1925B25C00A3EFB7 /* DCWatchedOperationQueue.m */; };
		89E1383D1925B25C00A3EFB7 /* DCWatchedOperationQueue.m in Sources */ = {isa = PBXBuildFile; fileRef = 89E1380F1925B25C00A3EFB7 /* DCWatchedOperationQueue.m */; };
		89E1383E1925B25C00A3EFB7 /* DCWatchedOperationQueue.m in Sources */ = {isa = PBXBuildFile; fileRef = 89E1380F1925B25C00A3EFB7 /* DCWatchedOperationQueue.m */; };
		89E1383F1925B25C00A3EFB7 /* DCWatchedOperationQueue.m in Sources */ = {isa = PBXBuildFile; fileRef = 89E1380F1925B25C00A3EFB7 /* DCWatchedOperationQueue.m */; };
		89E138401925B25C00A3EFB7 /* DCWebUtility.h in Headers */ = {isa = PBXBuildFile; fileRef = 89E138101925B25C00A3EFB7 /* DCWebUtility.h */; settings = {ATTRIBUTES = (Public, ); }; };
		89E138411925B25C00A3EFB7 /* DCWebUtility.m in Sources */ = {isa = PBXBuildFile; fileRef = 89E138111925B25C00A3EFB7 /* DCWebUtility.m */; };
		89E138421925B25C00A3EFB7 /* DCWebUtility.m in Sources */ = {isa = PBXBuildFile; fileRef = 89E138111925B25C00A3EFB7 /* DCWebUtility.m */; };
		89E138431925B25C00A3EFB7 /* DCWebUtility.m in Sources */ = {isa = PBXBuildFile; fileRef = 89E138111925B25C00A3EFB7 /* DCWebUtility.m */; };
		89E138441925B25C00A3EFB7 /* DCWebUtility.m in Sources */ = {isa = PBXBuildFile; fileRef = 89E138111925B25C00A3EFB7 /* DCWebUtility.m */; };
		89E1384B1925B61000A3EFB7 /* UIColor+DCAdditions.m in Sources */ = {isa = PBXBuildFile; fileRef = 89E138471925B61000A3EFB7 /* UIColor+DCAdditions.m */; };
		89E1384C1925B61000A3EFB7 /* UIColor+DCAdditions.m in Sources */ = {isa = PBXBuildFile; fileRef = 89E138471925B61000A3EFB7 /* UIColor+DCAdditions.m */; };
		89E138501925B61900A3EFB7 /* NSColor+DCAdditions.h in Headers */ = {isa = PBXBuildFile; fileRef = 89E1384E1925B61900A3EFB7 /* NSColor+DCAdditions.h */; settings = {ATTRIBUTES = (Public, ); }; };
		89E138511925B61900A3EFB7 /* NSColor+DCAdditions.m in Sources */ = {isa = PBXBuildFile; fileRef = 89E1384F1925B61900A3EFB7 /* NSColor+DCAdditions.m */; };
		89E138521925B61900A3EFB7 /* NSColor+DCAdditions.m in Sources */ = {isa = PBXBuildFile; fileRef = 89E1384F1925B61900A3EFB7 /* NSColor+DCAdditions.m */; };
		89E1385D1925B71100A3EFB7 /* DCTourbillon.h in Headers */ = {isa = PBXBuildFile; fileRef = 89E1385C1925B71100A3EFB7 /* DCTourbillon.h */; settings = {ATTRIBUTES = (Public, ); }; };
		89E138A41925BE8C00A3EFB7 /* DCTourbillon.h in CopyFiles */ = {isa = PBXBuildFile; fileRef = 89E1385C1925B71100A3EFB7 /* DCTourbillon.h */; };
		89E138A51925BE8C00A3EFB7 /* DCCommonConstants.h in CopyFiles */ = {isa = PBXBuildFile; fileRef = 89E137E71925B24F00A3EFB7 /* DCCommonConstants.h */; };
		89E138A61925BE8C00A3EFB7 /* DCLogger.h in CopyFiles */ = {isa = PBXBuildFile; fileRef = 89E137E81925B24F00A3EFB7 /* DCLogger.h */; };
		89E138A71925BE8C00A3EFB7 /* DCSafeARC.h in CopyFiles */ = {isa = PBXBuildFile; fileRef = 89E137EA1925B24F00A3EFB7 /* DCSafeARC.h */; };
		89E138A81925BE8C00A3EFB7 /* DCSingletonTemplate.h in CopyFiles */ = {isa = PBXBuildFile; fileRef = 89E137EB1925B24F00A3EFB7 /* DCSingletonTemplate.h */; };
		89E138AF1925BE8C00A3EFB7 /* UIColor+DCAdditions.h in CopyFiles */ = {isa = PBXBuildFile; fileRef = 89E138461925B61000A3EFB7 /* UIColor+DCAdditions.h */; };
		89E138B01925BE8C00A3EFB7 /* DCBase64Define.h in CopyFiles */ = {isa = PBXBuildFile; fileRef = 89E137971925B24800A3EFB7 /* DCBase64Define.h */; };
		89E138B11925BE8C00A3EFB7 /* NSData+DCBase64.h in CopyFiles */ = {isa = PBXBuildFile; fileRef = 89E1379A1925B24800A3EFB7 /* NSData+DCBase64.h */; };
		89E138B21925BE8C00A3EFB7 /* NSDictionary+DCSortable.h in CopyFiles */ = {isa = PBXBuildFile; fileRef = 89E1379E1925B24800A3EFB7 /* NSDictionary+DCSortable.h */; };
		89E138B31925BE8C00A3EFB7 /* NSNumber+DCRandom.h in CopyFiles */ = {isa = PBXBuildFile; fileRef = 89E137A01925B24800A3EFB7 /* NSNumber+DCRandom.h */; };
		89E138B51925BE8C00A3EFB7 /* NSString+DCBase64.h in CopyFiles */ = {isa = PBXBuildFile; fileRef = 89E137A41925B24800A3EFB7 /* NSString+DCBase64.h */; };
		89E138B61925BE8C00A3EFB7 /* NSString+DCCrypto.h in CopyFiles */ = {isa = PBXBuildFile; fileRef = 89E137A61925B24800A3EFB7 /* NSString+DCCrypto.h */; };
		89E138B71925BE8C00A3EFB7 /* NSString+DCParseCSV.h in CopyFiles */ = {isa = PBXBuildFile; fileRef = 89E137A81925B24800A3EFB7 /* NSString+DCParseCSV.h */; };
		89E138B81925BE8C00A3EFB7 /* NSString+DCURLCoding.h in CopyFiles */ = {isa = PBXBuildFile; fileRef = 89E137AA1925B24800A3EFB7 /* NSString+DCURLCoding.h */; };
		89E138B91925BE8C00A3EFB7 /* DCAtomicSetters.h in CopyFiles */ = {isa = PBXBuildFile; fileRef = 89E137FD1925B25C00A3EFB7 /* DCAtomicSetters.h */; };
		89E138BA1925BE8C00A3EFB7 /* DCCommonUtility.h in CopyFiles */ = {isa = PBXBuildFile; fileRef = 89E137FE1925B25C00A3EFB7 /* DCCommonUtility.h */; };
		89E138BB1925BE8C00A3EFB7 /* DCHTTPOperation.h in CopyFiles */ = {isa = PBXBuildFile; fileRef = 89E138001925B25C00A3EFB7 /* DCHTTPOperation.h */; };
		89E138BC1925BE8C00A3EFB7 /* DCImageUtility.h in CopyFiles */ = {isa = PBXBuildFile; fileRef = 89E138021925B25C00A3EFB7 /* DCImageUtility.h */; };
		89E138BD1925BE8C00A3EFB7 /* DCRPNUtility.h in CopyFiles */ = {isa = PBXBuildFile; fileRef = 89E138041925B25C00A3EFB7 /* DCRPNUtility.h */; };
		89E138BE1925BE8C00A3EFB7 /* DCRunLoopOperation.h in CopyFiles */ = {isa = PBXBuildFile; fileRef = 89E138061925B25C00A3EFB7 /* DCRunLoopOperation.h */; };
		89E138BF1925BE8C00A3EFB7 /* DCStack.h in CopyFiles */ = {isa = PBXBuildFile; fileRef = 89E138081925B25C00A3EFB7 /* DCStack.h */; };
		89E138C01925BE8C00A3EFB7 /* DCUIMainThreadGuard.h in CopyFiles */ = {isa = PBXBuildFile; fileRef = 89E1380C1925B25C00A3EFB7 /* DCUIMainThreadGuard.h */; };
		89E138C11925BE8C00A3EFB7 /* DCWatchedOperationQueue.h in CopyFiles */ = {isa = PBXBuildFile; fileRef = 89E1380E1925B25C00A3EFB7 /* DCWatchedOperationQueue.h */; };
		89E138C21925BE8C00A3EFB7 /* DCWebUtility.h in CopyFiles */ = {isa = PBXBuildFile; fileRef = 89E138101925B25C00A3EFB7 /* DCWebUtility.h */; };
		89E138C41925BE8C00A3EFB7 /* DCTestBlocker.h in CopyFiles */ = {isa = PBXBuildFile; fileRef = 89E137F51925B25600A3EFB7 /* DCTestBlocker.h */; };
/* End PBXBuildFile section */

/* Begin PBXContainerItemProxy section */
		89E1375B1925B11000A3EFB7 /* PBXContainerItemProxy */ = {
			isa = PBXContainerItemProxy;
			containerPortal = 89E137371925B11000A3EFB7 /* Project object */;
			proxyType = 1;
			remoteGlobalIDString = 89E1373F1925B11000A3EFB7;
			remoteInfo = Tourbillon;
		};
		89E137851925B13D00A3EFB7 /* PBXContainerItemProxy */ = {
			isa = PBXContainerItemProxy;
			containerPortal = 89E137371925B11000A3EFB7 /* Project object */;
			proxyType = 1;
			remoteGlobalIDString = 89E137711925B13D00A3EFB7;
			remoteInfo = "Tourbillon-iOS";
		};
/* End PBXContainerItemProxy section */

/* Begin PBXCopyFilesBuildPhase section */
		89E137701925B13D00A3EFB7 /* CopyFiles */ = {
			isa = PBXCopyFilesBuildPhase;
			buildActionMask = 2147483647;
			dstPath = "include/$(PRODUCT_NAME)";
			dstSubfolderSpec = 16;
			files = (
				89E138A41925BE8C00A3EFB7 /* DCTourbillon.h in CopyFiles */,
				89E138A51925BE8C00A3EFB7 /* DCCommonConstants.h in CopyFiles */,
				89E138A61925BE8C00A3EFB7 /* DCLogger.h in CopyFiles */,
				89E138A71925BE8C00A3EFB7 /* DCSafeARC.h in CopyFiles */,
				89E138A81925BE8C00A3EFB7 /* DCSingletonTemplate.h in CopyFiles */,
				89E138AF1925BE8C00A3EFB7 /* UIColor+DCAdditions.h in CopyFiles */,
				89E138B01925BE8C00A3EFB7 /* DCBase64Define.h in CopyFiles */,
				89E138B11925BE8C00A3EFB7 /* NSData+DCBase64.h in CopyFiles */,
				89E138B21925BE8C00A3EFB7 /* NSDictionary+DCSortable.h in CopyFiles */,
				89E138B31925BE8C00A3EFB7 /* NSNumber+DCRandom.h in CopyFiles */,
				89E138B51925BE8C00A3EFB7 /* NSString+DCBase64.h in CopyFiles */,
				89E138B61925BE8C00A3EFB7 /* NSString+DCCrypto.h in CopyFiles */,
				89E138B71925BE8C00A3EFB7 /* NSString+DCParseCSV.h in CopyFiles */,
				89E138B81925BE8C00A3EFB7 /* NSString+DCURLCoding.h in CopyFiles */,
				89E138B91925BE8C00A3EFB7 /* DCAtomicSetters.h in CopyFiles */,
				89E138BA1925BE8C00A3EFB7 /* DCCommonUtility.h in CopyFiles */,
				89E138BB1925BE8C00A3EFB7 /* DCHTTPOperation.h in CopyFiles */,
				89E138BC1925BE8C00A3EFB7 /* DCImageUtility.h in CopyFiles */,
				89E138BD1925BE8C00A3EFB7 /* DCRPNUtility.h in CopyFiles */,
				89E138BE1925BE8C00A3EFB7 /* DCRunLoopOperation.h in CopyFiles */,
				89E138BF1925BE8C00A3EFB7 /* DCStack.h in CopyFiles */,
				89E138C01925BE8C00A3EFB7 /* DCUIMainThreadGuard.h in CopyFiles */,
				89E138C11925BE8C00A3EFB7 /* DCWatchedOperationQueue.h in CopyFiles */,
				89E138C21925BE8C00A3EFB7 /* DCWebUtility.h in CopyFiles */,
				89E138C41925BE8C00A3EFB7 /* DCTestBlocker.h in CopyFiles */,
			);
			runOnlyForDeploymentPostprocessing = 0;
		};
/* End PBXCopyFilesBuildPhase section */

/* Begin PBXFileReference section */
		891F1F81196391F700796F46 /* UIColor+DCColorful.h */ = {isa = PBXFileReference; fileEncoding = 4; lastKnownFileType = sourcecode.c.h; path = "UIColor+DCColorful.h"; sourceTree = "<group>"; };
		891F1F82196391F700796F46 /* UIColor+DCColorful.m */ = {isa = PBXFileReference; fileEncoding = 4; lastKnownFileType = sourcecode.c.objc; path = "UIColor+DCColorful.m"; sourceTree = "<group>"; };
		892EE3A81938C36400571890 /* NSBundle+DCLibrarySupport.h */ = {isa = PBXFileReference; fileEncoding = 4; lastKnownFileType = sourcecode.c.h; path = "NSBundle+DCLibrarySupport.h"; sourceTree = "<group>"; };
		892EE3A91938C36400571890 /* NSBundle+DCLibrarySupport.m */ = {isa = PBXFileReference; fileEncoding = 4; lastKnownFileType = sourcecode.c.objc; path = "NSBundle+DCLibrarySupport.m"; sourceTree = "<group>"; };
		892EE3AF1938C4BB00571890 /* UIImage+DCLibrarySupport.h */ = {isa = PBXFileReference; fileEncoding = 4; lastKnownFileType = sourcecode.c.h; path = "UIImage+DCLibrarySupport.h"; sourceTree = "<group>"; };
		892EE3B01938C4BB00571890 /* UIImage+DCLibrarySupport.m */ = {isa = PBXFileReference; fileEncoding = 4; lastKnownFileType = sourcecode.c.objc; path = "UIImage+DCLibrarySupport.m"; sourceTree = "<group>"; };
		892EE3B71938C61200571890 /* NSData+DCLibrarySupport.h */ = {isa = PBXFileReference; fileEncoding = 4; lastKnownFileType = sourcecode.c.h; path = "NSData+DCLibrarySupport.h"; sourceTree = "<group>"; };
		892EE3B81938C61200571890 /* NSData+DCLibrarySupport.m */ = {isa = PBXFileReference; fileEncoding = 4; lastKnownFileType = sourcecode.c.objc; path = "NSData+DCLibrarySupport.m"; sourceTree = "<group>"; };
		89347B2D1964F70100BCD74C /* NSMutableArray+DCGCDThreadSafe.h */ = {isa = PBXFileReference; fileEncoding = 4; lastKnownFileType = sourcecode.c.h; path = "NSMutableArray+DCGCDThreadSafe.h"; sourceTree = "<group>"; };
		89347B2E1964F70100BCD74C /* NSMutableArray+DCGCDThreadSafe.m */ = {isa = PBXFileReference; fileEncoding = 4; lastKnownFileType = sourcecode.c.objc; path = "NSMutableArray+DCGCDThreadSafe.m"; sourceTree = "<group>"; };
		89347B2F1964F70100BCD74C /* NSMutableData+DCGCDThreadSafe.h */ = {isa = PBXFileReference; fileEncoding = 4; lastKnownFileType = sourcecode.c.h; path = "NSMutableData+DCGCDThreadSafe.h"; sourceTree = "<group>"; };
		89347B301964F70100BCD74C /* NSMutableData+DCGCDThreadSafe.m */ = {isa = PBXFileReference; fileEncoding = 4; lastKnownFileType = sourcecode.c.objc; path = "NSMutableData+DCGCDThreadSafe.m"; sourceTree = "<group>"; };
		89347B311964F70100BCD74C /* NSMutableDictionary+DCGCDThreadSafe.h */ = {isa = PBXFileReference; fileEncoding = 4; lastKnownFileType = sourcecode.c.h; path = "NSMutableDictionary+DCGCDThreadSafe.h"; sourceTree = "<group>"; };
		89347B321964F70100BCD74C /* NSMutableDictionary+DCGCDThreadSafe.m */ = {isa = PBXFileReference; fileEncoding = 4; lastKnownFileType = sourcecode.c.objc; path = "NSMutableDictionary+DCGCDThreadSafe.m"; sourceTree = "<group>"; };
		89347B331964F70100BCD74C /* NSMutableSet+DCGCDThreadSafe.h */ = {isa = PBXFileReference; fileEncoding = 4; lastKnownFileType = sourcecode.c.h; path = "NSMutableSet+DCGCDThreadSafe.h"; sourceTree = "<group>"; };
		89347B341964F70100BCD74C /* NSMutableSet+DCGCDThreadSafe.m */ = {isa = PBXFileReference; fileEncoding = 4; lastKnownFileType = sourcecode.c.objc; path = "NSMutableSet+DCGCDThreadSafe.m"; sourceTree = "<group>"; };
		89347B351964F70100BCD74C /* NSMutableString+DCGCDThreadSafe.h */ = {isa = PBXFileReference; fileEncoding = 4; lastKnownFileType = sourcecode.c.h; path = "NSMutableString+DCGCDThreadSafe.h"; sourceTree = "<group>"; };
		89347B361964F70100BCD74C /* NSMutableString+DCGCDThreadSafe.m */ = {isa = PBXFileReference; fileEncoding = 4; lastKnownFileType = sourcecode.c.objc; path = "NSMutableString+DCGCDThreadSafe.m"; sourceTree = "<group>"; };
		89347B371964F70100BCD74C /* NSObject+DCGCDThreadSafe.h */ = {isa = PBXFileReference; fileEncoding = 4; lastKnownFileType = sourcecode.c.h; path = "NSObject+DCGCDThreadSafe.h"; sourceTree = "<group>"; };
		89347B381964F70100BCD74C /* NSObject+DCGCDThreadSafe.m */ = {isa = PBXFileReference; fileEncoding = 4; lastKnownFileType = sourcecode.c.objc; path = "NSObject+DCGCDThreadSafe.m"; sourceTree = "<group>"; };
		89347B4B1964F77800BCD74C /* NSViewController+DCViewLogic.h */ = {isa = PBXFileReference; fileEncoding = 4; lastKnownFileType = sourcecode.c.h; path = "NSViewController+DCViewLogic.h"; sourceTree = "<group>"; };
		89347B4C1964F77800BCD74C /* NSViewController+DCViewLogic.m */ = {isa = PBXFileReference; fileEncoding = 4; lastKnownFileType = sourcecode.c.objc; path = "NSViewController+DCViewLogic.m"; sourceTree = "<group>"; };
		89347B4D1964F77800BCD74C /* NSWindowController+DCCenterToScreen.h */ = {isa = PBXFileReference; fileEncoding = 4; lastKnownFileType = sourcecode.c.h; path = "NSWindowController+DCCenterToScreen.h"; sourceTree = "<group>"; };
		89347B4E1964F77800BCD74C /* NSWindowController+DCCenterToScreen.m */ = {isa = PBXFileReference; fileEncoding = 4; lastKnownFileType = sourcecode.c.objc; path = "NSWindowController+DCCenterToScreen.m"; sourceTree = "<group>"; };
		89347B531964F84900BCD74C /* NSURL+DCUTTypeSupport.m */ = {isa = PBXFileReference; fileEncoding = 4; lastKnownFileType = sourcecode.c.objc; path = "NSURL+DCUTTypeSupport.m"; sourceTree = "<group>"; };
		89347B541964F84900BCD74C /* NSURL+DCUTTypeSupport.h */ = {isa = PBXFileReference; fileEncoding = 4; lastKnownFileType = sourcecode.c.h; path = "NSURL+DCUTTypeSupport.h"; sourceTree = "<group>"; };
		89347B551964F84900BCD74C /* NSObject+DCSwizzle.m */ = {isa = PBXFileReference; fileEncoding = 4; lastKnownFileType = sourcecode.c.objc; path = "NSObject+DCSwizzle.m"; sourceTree = "<group>"; };
		89347B561964F84900BCD74C /* NSObject+DCMainThreadAsyncReactive.h */ = {isa = PBXFileReference; fileEncoding = 4; lastKnownFileType = sourcecode.c.h; path = "NSObject+DCMainThreadAsyncReactive.h"; sourceTree = "<group>"; };
		89347B571964F84900BCD74C /* NSObject+DCMainThreadAsyncReactive.m */ = {isa = PBXFileReference; fileEncoding = 4; lastKnownFileType = sourcecode.c.objc; path = "NSObject+DCMainThreadAsyncReactive.m"; sourceTree = "<group>"; };
		89347B581964F84900BCD74C /* NSObject+DCSwizzle.h */ = {isa = PBXFileReference; fileEncoding = 4; lastKnownFileType = sourcecode.c.h; path = "NSObject+DCSwizzle.h"; sourceTree = "<group>"; };
		894DF6E719394C0B00EF9C9C /* UIViewController+DCLibrarySupport.h */ = {isa = PBXFileReference; fileEncoding = 4; lastKnownFileType = sourcecode.c.h; path = "UIViewController+DCLibrarySupport.h"; sourceTree = "<group>"; };
		894DF6E819394C0B00EF9C9C /* UIViewController+DCLibrarySupport.m */ = {isa = PBXFileReference; fileEncoding = 4; lastKnownFileType = sourcecode.c.objc; path = "UIViewController+DCLibrarySupport.m"; sourceTree = "<group>"; };
		8952D2EC196CDD260068CBCF /* MobileCoreServices.framework */ = {isa = PBXFileReference; lastKnownFileType = wrapper.framework; name = MobileCoreServices.framework; path = Platforms/iPhoneOS.platform/Developer/SDKs/iPhoneOS7.1.sdk/System/Library/Frameworks/MobileCoreServices.framework; sourceTree = DEVELOPER_DIR; };
		8952D2EE196CE3410068CBCF /* NSArray+DCContentExtension.h */ = {isa = PBXFileReference; fileEncoding = 4; lastKnownFileType = sourcecode.c.h; path = "NSArray+DCContentExtension.h"; sourceTree = "<group>"; };
		8952D2EF196CE3410068CBCF /* NSArray+DCContentExtension.m */ = {isa = PBXFileReference; fileEncoding = 4; lastKnownFileType = sourcecode.c.objc; path = "NSArray+DCContentExtension.m"; sourceTree = "<group>"; };
		8952D2F3196D07230068CBCF /* NSObject+DCUUIDExtension.h */ = {isa = PBXFileReference; fileEncoding = 4; lastKnownFileType = sourcecode.c.h; path = "NSObject+DCUUIDExtension.h"; sourceTree = "<group>"; };
		8952D2F4196D07230068CBCF /* NSObject+DCUUIDExtension.m */ = {isa = PBXFileReference; fileEncoding = 4; lastKnownFileType = sourcecode.c.objc; path = "NSObject+DCUUIDExtension.m"; sourceTree = "<group>"; };
		8987B4BD196F781500852C5D /* DCTree.h */ = {isa = PBXFileReference; fileEncoding = 4; lastKnownFileType = sourcecode.c.h; path = DCTree.h; sourceTree = "<group>"; };
		8987B4BE196F781500852C5D /* DCTree.m */ = {isa = PBXFileReference; fileEncoding = 4; lastKnownFileType = sourcecode.c.objc; path = DCTree.m; sourceTree = "<group>"; };
		8987B4BF196F781500852C5D /* DCTreeNode.h */ = {isa = PBXFileReference; fileEncoding = 4; lastKnownFileType = sourcecode.c.h; path = DCTreeNode.h; sourceTree = "<group>"; };
		8987B4C0196F781500852C5D /* DCTreeNode.m */ = {isa = PBXFileReference; fileEncoding = 4; lastKnownFileType = sourcecode.c.objc; path = DCTreeNode.m; sourceTree = "<group>"; };
		89CA25881962FE1300471681 /* NSColor+DCColorful.h */ = {isa = PBXFileReference; fileEncoding = 4; lastKnownFileType = sourcecode.c.h; path = "NSColor+DCColorful.h"; sourceTree = "<group>"; };
		89CA25891962FE1300471681 /* NSColor+DCColorful.m */ = {isa = PBXFileReference; fileEncoding = 4; lastKnownFileType = sourcecode.c.objc; path = "NSColor+DCColorful.m"; sourceTree = "<group>"; };
		89E137401925B11000A3EFB7 /* Tourbillon.framework */ = {isa = PBXFileReference; explicitFileType = wrapper.framework; includeInIndex = 0; path = Tourbillon.framework; sourceTree = BUILT_PRODUCTS_DIR; };
		89E137431925B11000A3EFB7 /* Cocoa.framework */ = {isa = PBXFileReference; lastKnownFileType = wrapper.framework; name = Cocoa.framework; path = System/Library/Frameworks/Cocoa.framework; sourceTree = SDKROOT; };
		89E137461925B11000A3EFB7 /* Foundation.framework */ = {isa = PBXFileReference; lastKnownFileType = wrapper.framework; name = Foundation.framework; path = System/Library/Frameworks/Foundation.framework; sourceTree = SDKROOT; };
		89E137471925B11000A3EFB7 /* CoreData.framework */ = {isa = PBXFileReference; lastKnownFileType = wrapper.framework; name = CoreData.framework; path = System/Library/Frameworks/CoreData.framework; sourceTree = SDKROOT; };
		89E137481925B11000A3EFB7 /* AppKit.framework */ = {isa = PBXFileReference; lastKnownFileType = wrapper.framework; name = AppKit.framework; path = System/Library/Frameworks/AppKit.framework; sourceTree = SDKROOT; };
		89E1374B1925B11000A3EFB7 /* Tourbillon-Info.plist */ = {isa = PBXFileReference; lastKnownFileType = text.plist.xml; path = "Tourbillon-Info.plist"; sourceTree = "<group>"; };
		89E1374D1925B11000A3EFB7 /* en */ = {isa = PBXFileReference; lastKnownFileType = text.plist.strings; name = en; path = en.lproj/InfoPlist.strings; sourceTree = "<group>"; };
		89E1374F1925B11000A3EFB7 /* Tourbillon-Prefix.pch */ = {isa = PBXFileReference; lastKnownFileType = sourcecode.c.h; path = "Tourbillon-Prefix.pch"; sourceTree = "<group>"; };
		89E137571925B11000A3EFB7 /* TourbillonTests.xctest */ = {isa = PBXFileReference; explicitFileType = wrapper.cfbundle; includeInIndex = 0; path = TourbillonTests.xctest; sourceTree = BUILT_PRODUCTS_DIR; };
		89E137581925B11000A3EFB7 /* XCTest.framework */ = {isa = PBXFileReference; lastKnownFileType = wrapper.framework; name = XCTest.framework; path = Library/Frameworks/XCTest.framework; sourceTree = DEVELOPER_DIR; };
		89E137601925B11000A3EFB7 /* TourbillonTests-Info.plist */ = {isa = PBXFileReference; lastKnownFileType = text.plist.xml; path = "TourbillonTests-Info.plist"; sourceTree = "<group>"; };
		89E137621925B11000A3EFB7 /* en */ = {isa = PBXFileReference; lastKnownFileType = text.plist.strings; name = en; path = en.lproj/InfoPlist.strings; sourceTree = "<group>"; };
		89E137641925B11000A3EFB7 /* TourbillonTests.m */ = {isa = PBXFileReference; lastKnownFileType = sourcecode.c.objc; path = TourbillonTests.m; sourceTree = "<group>"; };
		89E137721925B13D00A3EFB7 /* libTourbillon-iOS.a */ = {isa = PBXFileReference; explicitFileType = archive.ar; includeInIndex = 0; path = "libTourbillon-iOS.a"; sourceTree = BUILT_PRODUCTS_DIR; };
		89E137731925B13D00A3EFB7 /* Foundation.framework */ = {isa = PBXFileReference; lastKnownFileType = wrapper.framework; name = Foundation.framework; path = System/Library/Frameworks/Foundation.framework; sourceTree = SDKROOT; };
		89E137771925B13D00A3EFB7 /* Tourbillon-iOS-Prefix.pch */ = {isa = PBXFileReference; lastKnownFileType = sourcecode.c.h; path = "Tourbillon-iOS-Prefix.pch"; sourceTree = "<group>"; };
		89E137801925B13D00A3EFB7 /* Tourbillon-iOSTests.xctest */ = {isa = PBXFileReference; explicitFileType = wrapper.cfbundle; includeInIndex = 0; path = "Tourbillon-iOSTests.xctest"; sourceTree = BUILT_PRODUCTS_DIR; };
		89E137831925B13D00A3EFB7 /* UIKit.framework */ = {isa = PBXFileReference; lastKnownFileType = wrapper.framework; name = UIKit.framework; path = Library/Frameworks/UIKit.framework; sourceTree = DEVELOPER_DIR; };
		89E1378A1925B13D00A3EFB7 /* Tourbillon-iOSTests-Info.plist */ = {isa = PBXFileReference; lastKnownFileType = text.plist.xml; path = "Tourbillon-iOSTests-Info.plist"; sourceTree = "<group>"; };
		89E1378C1925B13D00A3EFB7 /* en */ = {isa = PBXFileReference; lastKnownFileType = text.plist.strings; name = en; path = en.lproj/InfoPlist.strings; sourceTree = "<group>"; };
		89E1378E1925B13D00A3EFB7 /* Tourbillon_iOSTests.m */ = {isa = PBXFileReference; lastKnownFileType = sourcecode.c.objc; path = Tourbillon_iOSTests.m; sourceTree = "<group>"; };
		89E137971925B24800A3EFB7 /* DCBase64Define.h */ = {isa = PBXFileReference; fileEncoding = 4; lastKnownFileType = sourcecode.c.h; path = DCBase64Define.h; sourceTree = "<group>"; };
		89E1379A1925B24800A3EFB7 /* NSData+DCBase64.h */ = {isa = PBXFileReference; fileEncoding = 4; lastKnownFileType = sourcecode.c.h; path = "NSData+DCBase64.h"; sourceTree = "<group>"; };
		89E1379B1925B24800A3EFB7 /* NSData+DCBase64.m */ = {isa = PBXFileReference; fileEncoding = 4; lastKnownFileType = sourcecode.c.objc; path = "NSData+DCBase64.m"; sourceTree = "<group>"; };
		89E1379E1925B24800A3EFB7 /* NSDictionary+DCSortable.h */ = {isa = PBXFileReference; fileEncoding = 4; lastKnownFileType = sourcecode.c.h; path = "NSDictionary+DCSortable.h"; sourceTree = "<group>"; };
		89E1379F1925B24800A3EFB7 /* NSDictionary+DCSortable.m */ = {isa = PBXFileReference; fileEncoding = 4; lastKnownFileType = sourcecode.c.objc; path = "NSDictionary+DCSortable.m"; sourceTree = "<group>"; };
		89E137A01925B24800A3EFB7 /* NSNumber+DCRandom.h */ = {isa = PBXFileReference; fileEncoding = 4; lastKnownFileType = sourcecode.c.h; path = "NSNumber+DCRandom.h"; sourceTree = "<group>"; };
		89E137A11925B24800A3EFB7 /* NSNumber+DCRandom.m */ = {isa = PBXFileReference; fileEncoding = 4; lastKnownFileType = sourcecode.c.objc; path = "NSNumber+DCRandom.m"; sourceTree = "<group>"; };
		89E137A41925B24800A3EFB7 /* NSString+DCBase64.h */ = {isa = PBXFileReference; fileEncoding = 4; lastKnownFileType = sourcecode.c.h; path = "NSString+DCBase64.h"; sourceTree = "<group>"; };
		89E137A51925B24800A3EFB7 /* NSString+DCBase64.m */ = {isa = PBXFileReference; fileEncoding = 4; lastKnownFileType = sourcecode.c.objc; path = "NSString+DCBase64.m"; sourceTree = "<group>"; };
		89E137A61925B24800A3EFB7 /* NSString+DCCrypto.h */ = {isa = PBXFileReference; fileEncoding = 4; lastKnownFileType = sourcecode.c.h; path = "NSString+DCCrypto.h"; sourceTree = "<group>"; };
		89E137A71925B24800A3EFB7 /* NSString+DCCrypto.m */ = {isa = PBXFileReference; fileEncoding = 4; lastKnownFileType = sourcecode.c.objc; path = "NSString+DCCrypto.m"; sourceTree = "<group>"; };
		89E137A81925B24800A3EFB7 /* NSString+DCParseCSV.h */ = {isa = PBXFileReference; fileEncoding = 4; lastKnownFileType = sourcecode.c.h; path = "NSString+DCParseCSV.h"; sourceTree = "<group>"; };
		89E137A91925B24800A3EFB7 /* NSString+DCParseCSV.m */ = {isa = PBXFileReference; fileEncoding = 4; lastKnownFileType = sourcecode.c.objc; path = "NSString+DCParseCSV.m"; sourceTree = "<group>"; };
		89E137AA1925B24800A3EFB7 /* NSString+DCURLCoding.h */ = {isa = PBXFileReference; fileEncoding = 4; lastKnownFileType = sourcecode.c.h; path = "NSString+DCURLCoding.h"; sourceTree = "<group>"; };
		89E137AB1925B24800A3EFB7 /* NSString+DCURLCoding.m */ = {isa = PBXFileReference; fileEncoding = 4; lastKnownFileType = sourcecode.c.objc; path = "NSString+DCURLCoding.m"; sourceTree = "<group>"; };
		89E137E71925B24F00A3EFB7 /* DCCommonConstants.h */ = {isa = PBXFileReference; fileEncoding = 4; lastKnownFileType = sourcecode.c.h; path = DCCommonConstants.h; sourceTree = "<group>"; };
		89E137E81925B24F00A3EFB7 /* DCLogger.h */ = {isa = PBXFileReference; fileEncoding = 4; lastKnownFileType = sourcecode.c.h; path = DCLogger.h; sourceTree = "<group>"; };
		89E137E91925B24F00A3EFB7 /* DCLogger.m */ = {isa = PBXFileReference; fileEncoding = 4; lastKnownFileType = sourcecode.c.objc; path = DCLogger.m; sourceTree = "<group>"; };
		89E137EA1925B24F00A3EFB7 /* DCSafeARC.h */ = {isa = PBXFileReference; fileEncoding = 4; lastKnownFileType = sourcecode.c.h; path = DCSafeARC.h; sourceTree = "<group>"; };
		89E137EB1925B24F00A3EFB7 /* DCSingletonTemplate.h */ = {isa = PBXFileReference; fileEncoding = 4; lastKnownFileType = sourcecode.c.h; path = DCSingletonTemplate.h; sourceTree = "<group>"; };
		89E137F51925B25600A3EFB7 /* DCTestBlocker.h */ = {isa = PBXFileReference; fileEncoding = 4; lastKnownFileType = sourcecode.c.h; path = DCTestBlocker.h; sourceTree = "<group>"; };
		89E137F61925B25600A3EFB7 /* DCTestBlocker.m */ = {isa = PBXFileReference; fileEncoding = 4; lastKnownFileType = sourcecode.c.objc; path = DCTestBlocker.m; sourceTree = "<group>"; };
		89E137FD1925B25C00A3EFB7 /* DCAtomicSetters.h */ = {isa = PBXFileReference; fileEncoding = 4; lastKnownFileType = sourcecode.c.h; path = DCAtomicSetters.h; sourceTree = "<group>"; };
		89E137FE1925B25C00A3EFB7 /* DCCommonUtility.h */ = {isa = PBXFileReference; fileEncoding = 4; lastKnownFileType = sourcecode.c.h; path = DCCommonUtility.h; sourceTree = "<group>"; };
		89E137FF1925B25C00A3EFB7 /* DCCommonUtility.m */ = {isa = PBXFileReference; fileEncoding = 4; lastKnownFileType = sourcecode.c.objc; path = DCCommonUtility.m; sourceTree = "<group>"; };
		89E138001925B25C00A3EFB7 /* DCHTTPOperation.h */ = {isa = PBXFileReference; fileEncoding = 4; lastKnownFileType = sourcecode.c.h; path = DCHTTPOperation.h; sourceTree = "<group>"; };
		89E138011925B25C00A3EFB7 /* DCHTTPOperation.m */ = {isa = PBXFileReference; fileEncoding = 4; lastKnownFileType = sourcecode.c.objc; path = DCHTTPOperation.m; sourceTree = "<group>"; };
		89E138021925B25C00A3EFB7 /* DCImageUtility.h */ = {isa = PBXFileReference; fileEncoding = 4; lastKnownFileType = sourcecode.c.h; path = DCImageUtility.h; sourceTree = "<group>"; };
		89E138031925B25C00A3EFB7 /* DCImageUtility.m */ = {isa = PBXFileReference; fileEncoding = 4; lastKnownFileType = sourcecode.c.objc; path = DCImageUtility.m; sourceTree = "<group>"; };
		89E138041925B25C00A3EFB7 /* DCRPNUtility.h */ = {isa = PBXFileReference; fileEncoding = 4; lastKnownFileType = sourcecode.c.h; path = DCRPNUtility.h; sourceTree = "<group>"; };
		89E138051925B25C00A3EFB7 /* DCRPNUtility.m */ = {isa = PBXFileReference; fileEncoding = 4; lastKnownFileType = sourcecode.c.objc; path = DCRPNUtility.m; sourceTree = "<group>"; };
		89E138061925B25C00A3EFB7 /* DCRunLoopOperation.h */ = {isa = PBXFileReference; fileEncoding = 4; lastKnownFileType = sourcecode.c.h; path = DCRunLoopOperation.h; sourceTree = "<group>"; };
		89E138071925B25C00A3EFB7 /* DCRunLoopOperation.m */ = {isa = PBXFileReference; fileEncoding = 4; lastKnownFileType = sourcecode.c.objc; path = DCRunLoopOperation.m; sourceTree = "<group>"; };
		89E138081925B25C00A3EFB7 /* DCStack.h */ = {isa = PBXFileReference; fileEncoding = 4; lastKnownFileType = sourcecode.c.h; path = DCStack.h; sourceTree = "<group>"; };
		89E138091925B25C00A3EFB7 /* DCStack.m */ = {isa = PBXFileReference; fileEncoding = 4; lastKnownFileType = sourcecode.c.objc; path = DCStack.m; sourceTree = "<group>"; };
		89E1380C1925B25C00A3EFB7 /* DCUIMainThreadGuard.h */ = {isa = PBXFileReference; fileEncoding = 4; lastKnownFileType = sourcecode.c.h; path = DCUIMainThreadGuard.h; sourceTree = "<group>"; };
		89E1380D1925B25C00A3EFB7 /* DCUIMainThreadGuard.m */ = {isa = PBXFileReference; fileEncoding = 4; lastKnownFileType = sourcecode.c.objc; path = DCUIMainThreadGuard.m; sourceTree = "<group>"; };
		89E1380E1925B25C00A3EFB7 /* DCWatchedOperationQueue.h */ = {isa = PBXFileReference; fileEncoding = 4; lastKnownFileType = sourcecode.c.h; path = DCWatchedOperationQueue.h; sourceTree = "<group>"; };
		89E1380F1925B25C00A3EFB7 /* DCWatchedOperationQueue.m */ = {isa = PBXFileReference; fileEncoding = 4; lastKnownFileType = sourcecode.c.objc; path = DCWatchedOperationQueue.m; sourceTree = "<group>"; };
		89E138101925B25C00A3EFB7 /* DCWebUtility.h */ = {isa = PBXFileReference; fileEncoding = 4; lastKnownFileType = sourcecode.c.h; path = DCWebUtility.h; sourceTree = "<group>"; };
		89E138111925B25C00A3EFB7 /* DCWebUtility.m */ = {isa = PBXFileReference; fileEncoding = 4; lastKnownFileType = sourcecode.c.objc; path = DCWebUtility.m; sourceTree = "<group>"; };
		89E138461925B61000A3EFB7 /* UIColor+DCAdditions.h */ = {isa = PBXFileReference; fileEncoding = 4; lastKnownFileType = sourcecode.c.h; path = "UIColor+DCAdditions.h"; sourceTree = "<group>"; };
		89E138471925B61000A3EFB7 /* UIColor+DCAdditions.m */ = {isa = PBXFileReference; fileEncoding = 4; lastKnownFileType = sourcecode.c.objc; path = "UIColor+DCAdditions.m"; sourceTree = "<group>"; };
		89E1384E1925B61900A3EFB7 /* NSColor+DCAdditions.h */ = {isa = PBXFileReference; fileEncoding = 4; lastKnownFileType = sourcecode.c.h; path = "NSColor+DCAdditions.h"; sourceTree = "<group>"; };
		89E1384F1925B61900A3EFB7 /* NSColor+DCAdditions.m */ = {isa = PBXFileReference; fileEncoding = 4; lastKnownFileType = sourcecode.c.objc; path = "NSColor+DCAdditions.m"; sourceTree = "<group>"; };
		89E1385C1925B71100A3EFB7 /* DCTourbillon.h */ = {isa = PBXFileReference; fileEncoding = 4; lastKnownFileType = sourcecode.c.h; path = DCTourbillon.h; sourceTree = "<group>"; };
/* End PBXFileReference section */

/* Begin PBXFrameworksBuildPhase section */
		89E1373C1925B11000A3EFB7 /* Frameworks */ = {
			isa = PBXFrameworksBuildPhase;
			buildActionMask = 2147483647;
			files = (
				89E137441925B11000A3EFB7 /* Cocoa.framework in Frameworks */,
			);
			runOnlyForDeploymentPostprocessing = 0;
		};
		89E137541925B11000A3EFB7 /* Frameworks */ = {
			isa = PBXFrameworksBuildPhase;
			buildActionMask = 2147483647;
			files = (
				89E1375A1925B11000A3EFB7 /* Cocoa.framework in Frameworks */,
				89E137591925B11000A3EFB7 /* XCTest.framework in Frameworks */,
				89E1375D1925B11000A3EFB7 /* Tourbillon.framework in Frameworks */,
			);
			runOnlyForDeploymentPostprocessing = 0;
		};
		89E1376F1925B13D00A3EFB7 /* Frameworks */ = {
			isa = PBXFrameworksBuildPhase;
			buildActionMask = 2147483647;
			files = (
				8952D2ED196CDD260068CBCF /* MobileCoreServices.framework in Frameworks */,
				89E137741925B13D00A3EFB7 /* Foundation.framework in Frameworks */,
			);
			runOnlyForDeploymentPostprocessing = 0;
		};
		89E1377D1925B13D00A3EFB7 /* Frameworks */ = {
			isa = PBXFrameworksBuildPhase;
			buildActionMask = 2147483647;
			files = (
				89E137811925B13D00A3EFB7 /* XCTest.framework in Frameworks */,
				89E137841925B13D00A3EFB7 /* UIKit.framework in Frameworks */,
				89E137821925B13D00A3EFB7 /* Foundation.framework in Frameworks */,
				89E137871925B13D00A3EFB7 /* libTourbillon-iOS.a in Frameworks */,
			);
			runOnlyForDeploymentPostprocessing = 0;
		};
/* End PBXFrameworksBuildPhase section */

/* Begin PBXGroup section */
		8987B4BC196F781500852C5D /* Tree */ = {
			isa = PBXGroup;
			children = (
				8987B4BD196F781500852C5D /* DCTree.h */,
				8987B4BE196F781500852C5D /* DCTree.m */,
				8987B4BF196F781500852C5D /* DCTreeNode.h */,
				8987B4C0196F781500852C5D /* DCTreeNode.m */,
			);
			path = Tree;
			sourceTree = "<group>";
		};
		89E137361925B11000A3EFB7 = {
			isa = PBXGroup;
			children = (
				89E137491925B11000A3EFB7 /* Tourbillon */,
				89E1375E1925B11000A3EFB7 /* TourbillonTests */,
				89E137751925B13D00A3EFB7 /* Tourbillon-iOS */,
				89E137881925B13D00A3EFB7 /* Tourbillon-iOSTests */,
				89E137421925B11000A3EFB7 /* Frameworks */,
				89E137411925B11000A3EFB7 /* Products */,
			);
			sourceTree = "<group>";
		};
		89E137411925B11000A3EFB7 /* Products */ = {
			isa = PBXGroup;
			children = (
				89E137401925B11000A3EFB7 /* Tourbillon.framework */,
				89E137571925B11000A3EFB7 /* TourbillonTests.xctest */,
				89E137721925B13D00A3EFB7 /* libTourbillon-iOS.a */,
				89E137801925B13D00A3EFB7 /* Tourbillon-iOSTests.xctest */,
			);
			name = Products;
			sourceTree = "<group>";
		};
		89E137421925B11000A3EFB7 /* Frameworks */ = {
			isa = PBXGroup;
			children = (
				8952D2EC196CDD260068CBCF /* MobileCoreServices.framework */,
				89E137431925B11000A3EFB7 /* Cocoa.framework */,
				89E137581925B11000A3EFB7 /* XCTest.framework */,
				89E137731925B13D00A3EFB7 /* Foundation.framework */,
				89E137831925B13D00A3EFB7 /* UIKit.framework */,
				89E137451925B11000A3EFB7 /* Other Frameworks */,
			);
			name = Frameworks;
			sourceTree = "<group>";
		};
		89E137451925B11000A3EFB7 /* Other Frameworks */ = {
			isa = PBXGroup;
			children = (
				89E137461925B11000A3EFB7 /* Foundation.framework */,
				89E137471925B11000A3EFB7 /* CoreData.framework */,
				89E137481925B11000A3EFB7 /* AppKit.framework */,
			);
			name = "Other Frameworks";
			sourceTree = "<group>";
		};
		89E137491925B11000A3EFB7 /* Tourbillon */ = {
			isa = PBXGroup;
			children = (
				89E1385C1925B71100A3EFB7 /* DCTourbillon.h */,
				89E137E61925B24F00A3EFB7 /* Common */,
				89E137961925B24800A3EFB7 /* Categories */,
				89E137FC1925B25C00A3EFB7 /* Utilities */,
				89E137F41925B25600A3EFB7 /* Testers */,
				89E1374A1925B11000A3EFB7 /* Supporting Files */,
			);
			path = Tourbillon;
			sourceTree = "<group>";
		};
		89E1374A1925B11000A3EFB7 /* Supporting Files */ = {
			isa = PBXGroup;
			children = (
				89E1374B1925B11000A3EFB7 /* Tourbillon-Info.plist */,
				89E1374C1925B11000A3EFB7 /* InfoPlist.strings */,
				89E1374F1925B11000A3EFB7 /* Tourbillon-Prefix.pch */,
			);
			name = "Supporting Files";
			sourceTree = "<group>";
		};
		89E1375E1925B11000A3EFB7 /* TourbillonTests */ = {
			isa = PBXGroup;
			children = (
				89E137641925B11000A3EFB7 /* TourbillonTests.m */,
				89E1375F1925B11000A3EFB7 /* Supporting Files */,
			);
			path = TourbillonTests;
			sourceTree = "<group>";
		};
		89E1375F1925B11000A3EFB7 /* Supporting Files */ = {
			isa = PBXGroup;
			children = (
				89E137601925B11000A3EFB7 /* TourbillonTests-Info.plist */,
				89E137611925B11000A3EFB7 /* InfoPlist.strings */,
			);
			name = "Supporting Files";
			sourceTree = "<group>";
		};
		89E137751925B13D00A3EFB7 /* Tourbillon-iOS */ = {
			isa = PBXGroup;
			children = (
				89E137761925B13D00A3EFB7 /* Supporting Files */,
			);
			path = "Tourbillon-iOS";
			sourceTree = "<group>";
		};
		89E137761925B13D00A3EFB7 /* Supporting Files */ = {
			isa = PBXGroup;
			children = (
				89E137771925B13D00A3EFB7 /* Tourbillon-iOS-Prefix.pch */,
			);
			name = "Supporting Files";
			sourceTree = "<group>";
		};
		89E137881925B13D00A3EFB7 /* Tourbillon-iOSTests */ = {
			isa = PBXGroup;
			children = (
				89E1378E1925B13D00A3EFB7 /* Tourbillon_iOSTests.m */,
				89E137891925B13D00A3EFB7 /* Supporting Files */,
			);
			path = "Tourbillon-iOSTests";
			sourceTree = "<group>";
		};
		89E137891925B13D00A3EFB7 /* Supporting Files */ = {
			isa = PBXGroup;
			children = (
				89E1378A1925B13D00A3EFB7 /* Tourbillon-iOSTests-Info.plist */,
				89E1378B1925B13D00A3EFB7 /* InfoPlist.strings */,
			);
			name = "Supporting Files";
			sourceTree = "<group>";
		};
		89E137961925B24800A3EFB7 /* Categories */ = {
			isa = PBXGroup;
			children = (
				89E1385E1925B94600A3EFB7 /* GCDThreadSafe */,
				89E1384D1925B61900A3EFB7 /* Mac */,
				89E138451925B61000A3EFB7 /* iOS */,
				89E137971925B24800A3EFB7 /* DCBase64Define.h */,
				89E1379A1925B24800A3EFB7 /* NSData+DCBase64.h */,
				89E1379B1925B24800A3EFB7 /* NSData+DCBase64.m */,
				89E1379E1925B24800A3EFB7 /* NSDictionary+DCSortable.h */,
				89E1379F1925B24800A3EFB7 /* NSDictionary+DCSortable.m */,
				89E137A01925B24800A3EFB7 /* NSNumber+DCRandom.h */,
				89E137A11925B24800A3EFB7 /* NSNumber+DCRandom.m */,
				89E137A41925B24800A3EFB7 /* NSString+DCBase64.h */,
				89E137A51925B24800A3EFB7 /* NSString+DCBase64.m */,
				89E137A61925B24800A3EFB7 /* NSString+DCCrypto.h */,
				89E137A71925B24800A3EFB7 /* NSString+DCCrypto.m */,
				89E137A81925B24800A3EFB7 /* NSString+DCParseCSV.h */,
				89E137A91925B24800A3EFB7 /* NSString+DCParseCSV.m */,
				89E137AA1925B24800A3EFB7 /* NSString+DCURLCoding.h */,
				89E137AB1925B24800A3EFB7 /* NSString+DCURLCoding.m */,
				892EE3A81938C36400571890 /* NSBundle+DCLibrarySupport.h */,
				892EE3A91938C36400571890 /* NSBundle+DCLibrarySupport.m */,
				892EE3B71938C61200571890 /* NSData+DCLibrarySupport.h */,
				892EE3B81938C61200571890 /* NSData+DCLibrarySupport.m */,
				89347B541964F84900BCD74C /* NSURL+DCUTTypeSupport.h */,
				89347B531964F84900BCD74C /* NSURL+DCUTTypeSupport.m */,
				89347B581964F84900BCD74C /* NSObject+DCSwizzle.h */,
				89347B551964F84900BCD74C /* NSObject+DCSwizzle.m */,
				89347B561964F84900BCD74C /* NSObject+DCMainThreadAsyncReactive.h */,
				89347B571964F84900BCD74C /* NSObject+DCMainThreadAsyncReactive.m */,
				8952D2EE196CE3410068CBCF /* NSArray+DCContentExtension.h */,
				8952D2EF196CE3410068CBCF /* NSArray+DCContentExtension.m */,
				8952D2F3196D07230068CBCF /* NSObject+DCUUIDExtension.h */,
				8952D2F4196D07230068CBCF /* NSObject+DCUUIDExtension.m */,
			);
			path = Categories;
			sourceTree = "<group>";
		};
		89E137E61925B24F00A3EFB7 /* Common */ = {
			isa = PBXGroup;
			children = (
				89E137E71925B24F00A3EFB7 /* DCCommonConstants.h */,
				89E137E81925B24F00A3EFB7 /* DCLogger.h */,
				89E137E91925B24F00A3EFB7 /* DCLogger.m */,
				89E137EA1925B24F00A3EFB7 /* DCSafeARC.h */,
				89E137EB1925B24F00A3EFB7 /* DCSingletonTemplate.h */,
			);
			path = Common;
			sourceTree = "<group>";
		};
		89E137F41925B25600A3EFB7 /* Testers */ = {
			isa = PBXGroup;
			children = (
				89E137F51925B25600A3EFB7 /* DCTestBlocker.h */,
				89E137F61925B25600A3EFB7 /* DCTestBlocker.m */,
			);
			path = Testers;
			sourceTree = "<group>";
		};
		89E137FC1925B25C00A3EFB7 /* Utilities */ = {
			isa = PBXGroup;
			children = (
				8987B4BC196F781500852C5D /* Tree */,
				89E137FD1925B25C00A3EFB7 /* DCAtomicSetters.h */,
				89E137FE1925B25C00A3EFB7 /* DCCommonUtility.h */,
				89E137FF1925B25C00A3EFB7 /* DCCommonUtility.m */,
				89E138001925B25C00A3EFB7 /* DCHTTPOperation.h */,
				89E138011925B25C00A3EFB7 /* DCHTTPOperation.m */,
				89E138021925B25C00A3EFB7 /* DCImageUtility.h */,
				89E138031925B25C00A3EFB7 /* DCImageUtility.m */,
				89E138041925B25C00A3EFB7 /* DCRPNUtility.h */,
				89E138051925B25C00A3EFB7 /* DCRPNUtility.m */,
				89E138061925B25C00A3EFB7 /* DCRunLoopOperation.h */,
				89E138071925B25C00A3EFB7 /* DCRunLoopOperation.m */,
				89E138081925B25C00A3EFB7 /* DCStack.h */,
				89E138091925B25C00A3EFB7 /* DCStack.m */,
				89E1380C1925B25C00A3EFB7 /* DCUIMainThreadGuard.h */,
				89E1380D1925B25C00A3EFB7 /* DCUIMainThreadGuard.m */,
				89E1380E1925B25C00A3EFB7 /* DCWatchedOperationQueue.h */,
				89E1380F1925B25C00A3EFB7 /* DCWatchedOperationQueue.m */,
				89E138101925B25C00A3EFB7 /* DCWebUtility.h */,
				89E138111925B25C00A3EFB7 /* DCWebUtility.m */,
			);
			path = Utilities;
			sourceTree = "<group>";
		};
		89E138451925B61000A3EFB7 /* iOS */ = {
			isa = PBXGroup;
			children = (
				89E138461925B61000A3EFB7 /* UIColor+DCAdditions.h */,
				89E138471925B61000A3EFB7 /* UIColor+DCAdditions.m */,
				892EE3AF1938C4BB00571890 /* UIImage+DCLibrarySupport.h */,
				892EE3B01938C4BB00571890 /* UIImage+DCLibrarySupport.m */,
				894DF6E719394C0B00EF9C9C /* UIViewController+DCLibrarySupport.h */,
				894DF6E819394C0B00EF9C9C /* UIViewController+DCLibrarySupport.m */,
				891F1F81196391F700796F46 /* UIColor+DCColorful.h */,
				891F1F82196391F700796F46 /* UIColor+DCColorful.m */,
			);
			path = iOS;
			sourceTree = "<group>";
		};
		89E1384D1925B61900A3EFB7 /* Mac */ = {
			isa = PBXGroup;
			children = (
				89347B4B1964F77800BCD74C /* NSViewController+DCViewLogic.h */,
				89347B4C1964F77800BCD74C /* NSViewController+DCViewLogic.m */,
				89347B4D1964F77800BCD74C /* NSWindowController+DCCenterToScreen.h */,
				89347B4E1964F77800BCD74C /* NSWindowController+DCCenterToScreen.m */,
				89E1384E1925B61900A3EFB7 /* NSColor+DCAdditions.h */,
				89E1384F1925B61900A3EFB7 /* NSColor+DCAdditions.m */,
				89CA25881962FE1300471681 /* NSColor+DCColorful.h */,
				89CA25891962FE1300471681 /* NSColor+DCColorful.m */,
			);
			path = Mac;
			sourceTree = "<group>";
		};
		89E1385E1925B94600A3EFB7 /* GCDThreadSafe */ = {
			isa = PBXGroup;
			children = (
				89347B2D1964F70100BCD74C /* NSMutableArray+DCGCDThreadSafe.h */,
				89347B2E1964F70100BCD74C /* NSMutableArray+DCGCDThreadSafe.m */,
				89347B2F1964F70100BCD74C /* NSMutableData+DCGCDThreadSafe.h */,
				89347B301964F70100BCD74C /* NSMutableData+DCGCDThreadSafe.m */,
				89347B311964F70100BCD74C /* NSMutableDictionary+DCGCDThreadSafe.h */,
				89347B321964F70100BCD74C /* NSMutableDictionary+DCGCDThreadSafe.m */,
				89347B331964F70100BCD74C /* NSMutableSet+DCGCDThreadSafe.h */,
				89347B341964F70100BCD74C /* NSMutableSet+DCGCDThreadSafe.m */,
				89347B351964F70100BCD74C /* NSMutableString+DCGCDThreadSafe.h */,
				89347B361964F70100BCD74C /* NSMutableString+DCGCDThreadSafe.m */,
				89347B371964F70100BCD74C /* NSObject+DCGCDThreadSafe.h */,
				89347B381964F70100BCD74C /* NSObject+DCGCDThreadSafe.m */,
			);
			path = GCDThreadSafe;
			sourceTree = "<group>";
		};
/* End PBXGroup section */

/* Begin PBXHeadersBuildPhase section */
		89E1373D1925B11000A3EFB7 /* Headers */ = {
			isa = PBXHeadersBuildPhase;
			buildActionMask = 2147483647;
			files = (
				89E138501925B61900A3EFB7 /* NSColor+DCAdditions.h in Headers */,
				89E1385D1925B71100A3EFB7 /* DCTourbillon.h in Headers */,
				89E137D21925B24800A3EFB7 /* NSString+DCCrypto.h in Headers */,
				89E137F31925B24F00A3EFB7 /* DCSingletonTemplate.h in Headers */,
				89E137CD1925B24800A3EFB7 /* NSString+DCBase64.h in Headers */,
				89E138131925B25C00A3EFB7 /* DCCommonUtility.h in Headers */,
				89E138401925B25C00A3EFB7 /* DCWebUtility.h in Headers */,
				8987B4C1196F781500852C5D /* DCTree.h in Headers */,
				89E1383B1925B25C00A3EFB7 /* DCWatchedOperationQueue.h in Headers */,
				89E138221925B25C00A3EFB7 /* DCRPNUtility.h in Headers */,
				89E138361925B25C00A3EFB7 /* DCUIMainThreadGuard.h in Headers */,
				89E137BE1925B24800A3EFB7 /* NSDictionary+DCSortable.h in Headers */,
				89E137C31925B24800A3EFB7 /* NSNumber+DCRandom.h in Headers */,
				89E1381D1925B25C00A3EFB7 /* DCImageUtility.h in Headers */,
				89E137DC1925B24800A3EFB7 /* NSString+DCURLCoding.h in Headers */,
				89E137B41925B24800A3EFB7 /* NSData+DCBase64.h in Headers */,
				89E1382C1925B25C00A3EFB7 /* DCStack.h in Headers */,
				89E138121925B25C00A3EFB7 /* DCAtomicSetters.h in Headers */,
				89E138181925B25C00A3EFB7 /* DCHTTPOperation.h in Headers */,
				89E137F71925B25600A3EFB7 /* DCTestBlocker.h in Headers */,
				89E138271925B25C00A3EFB7 /* DCRunLoopOperation.h in Headers */,
				89E137D71925B24800A3EFB7 /* NSString+DCParseCSV.h in Headers */,
				89E137ED1925B24F00A3EFB7 /* DCLogger.h in Headers */,
				89E137EC1925B24F00A3EFB7 /* DCCommonConstants.h in Headers */,
				892EE3B91938C61200571890 /* NSData+DCLibrarySupport.h in Headers */,
				89347B391964F70100BCD74C /* NSMutableArray+DCGCDThreadSafe.h in Headers */,
				89347B451964F70100BCD74C /* NSMutableString+DCGCDThreadSafe.h in Headers */,
				89347B3C1964F70100BCD74C /* NSMutableData+DCGCDThreadSafe.h in Headers */,
				89347B421964F70100BCD74C /* NSMutableSet+DCGCDThreadSafe.h in Headers */,
				89347B511964F77800BCD74C /* NSWindowController+DCCenterToScreen.h in Headers */,
				89347B3F1964F70100BCD74C /* NSMutableDictionary+DCGCDThreadSafe.h in Headers */,
				89347B4F1964F77800BCD74C /* NSViewController+DCViewLogic.h in Headers */,
				8987B4C4196F781500852C5D /* DCTreeNode.h in Headers */,
				89347B481964F70100BCD74C /* NSObject+DCGCDThreadSafe.h in Headers */,
				892EE3AA1938C36400571890 /* NSBundle+DCLibrarySupport.h in Headers */,
				89E137AE1925B24800A3EFB7 /* DCBase64Define.h in Headers */,
				89347B611964F84900BCD74C /* NSObject+DCSwizzle.h in Headers */,
				89347B5B1964F84900BCD74C /* NSURL+DCUTTypeSupport.h in Headers */,
				89347B5E1964F84900BCD74C /* NSObject+DCMainThreadAsyncReactive.h in Headers */,
				89CA258A1962FE1300471681 /* NSColor+DCColorful.h in Headers */,
				8952D2F0196CE3410068CBCF /* NSArray+DCContentExtension.h in Headers */,
				8952D2F5196D07230068CBCF /* NSObject+DCUUIDExtension.h in Headers */,
				89E137F21925B24F00A3EFB7 /* DCSafeARC.h in Headers */,
			);
			runOnlyForDeploymentPostprocessing = 0;
		};
/* End PBXHeadersBuildPhase section */

/* Begin PBXNativeTarget section */
		89E1373F1925B11000A3EFB7 /* Tourbillon */ = {
			isa = PBXNativeTarget;
			buildConfigurationList = 89E137681925B11000A3EFB7 /* Build configuration list for PBXNativeTarget "Tourbillon" */;
			buildPhases = (
				89E1373B1925B11000A3EFB7 /* Sources */,
				89E1373C1925B11000A3EFB7 /* Frameworks */,
				89E1373D1925B11000A3EFB7 /* Headers */,
				89E1373E1925B11000A3EFB7 /* Resources */,
			);
			buildRules = (
			);
			dependencies = (
			);
			name = Tourbillon;
			productName = Tourbillon;
			productReference = 89E137401925B11000A3EFB7 /* Tourbillon.framework */;
			productType = "com.apple.product-type.framework";
		};
		89E137561925B11000A3EFB7 /* TourbillonTests */ = {
			isa = PBXNativeTarget;
			buildConfigurationList = 89E1376B1925B11000A3EFB7 /* Build configuration list for PBXNativeTarget "TourbillonTests" */;
			buildPhases = (
				89E137531925B11000A3EFB7 /* Sources */,
				89E137541925B11000A3EFB7 /* Frameworks */,
				89E137551925B11000A3EFB7 /* Resources */,
			);
			buildRules = (
			);
			dependencies = (
				89E1375C1925B11000A3EFB7 /* PBXTargetDependency */,
			);
			name = TourbillonTests;
			productName = TourbillonTests;
			productReference = 89E137571925B11000A3EFB7 /* TourbillonTests.xctest */;
			productType = "com.apple.product-type.bundle.unit-test";
		};
		89E137711925B13D00A3EFB7 /* Tourbillon-iOS */ = {
			isa = PBXNativeTarget;
			buildConfigurationList = 89E137901925B13D00A3EFB7 /* Build configuration list for PBXNativeTarget "Tourbillon-iOS" */;
			buildPhases = (
				89E1376E1925B13D00A3EFB7 /* Sources */,
				89E1376F1925B13D00A3EFB7 /* Frameworks */,
				89E137701925B13D00A3EFB7 /* CopyFiles */,
			);
			buildRules = (
			);
			dependencies = (
			);
			name = "Tourbillon-iOS";
			productName = "Tourbillon-iOS";
			productReference = 89E137721925B13D00A3EFB7 /* libTourbillon-iOS.a */;
			productType = "com.apple.product-type.library.static";
		};
		89E1377F1925B13D00A3EFB7 /* Tourbillon-iOSTests */ = {
			isa = PBXNativeTarget;
			buildConfigurationList = 89E137931925B13D00A3EFB7 /* Build configuration list for PBXNativeTarget "Tourbillon-iOSTests" */;
			buildPhases = (
				89E1377C1925B13D00A3EFB7 /* Sources */,
				89E1377D1925B13D00A3EFB7 /* Frameworks */,
				89E1377E1925B13D00A3EFB7 /* Resources */,
			);
			buildRules = (
			);
			dependencies = (
				89E137861925B13D00A3EFB7 /* PBXTargetDependency */,
			);
			name = "Tourbillon-iOSTests";
			productName = "Tourbillon-iOSTests";
			productReference = 89E137801925B13D00A3EFB7 /* Tourbillon-iOSTests.xctest */;
			productType = "com.apple.product-type.bundle.unit-test";
		};
/* End PBXNativeTarget section */

/* Begin PBXProject section */
		89E137371925B11000A3EFB7 /* Project object */ = {
			isa = PBXProject;
			attributes = {
				LastUpgradeCheck = 0510;
				ORGANIZATIONNAME = "Derek Chen";
				TargetAttributes = {
					89E137561925B11000A3EFB7 = {
						TestTargetID = 89E1373F1925B11000A3EFB7;
					};
					89E1377F1925B13D00A3EFB7 = {
						TestTargetID = 89E1373F1925B11000A3EFB7;
					};
				};
			};
			buildConfigurationList = 89E1373A1925B11000A3EFB7 /* Build configuration list for PBXProject "Tourbillon" */;
			compatibilityVersion = "Xcode 3.2";
			developmentRegion = English;
			hasScannedForEncodings = 0;
			knownRegions = (
				en,
			);
			mainGroup = 89E137361925B11000A3EFB7;
			productRefGroup = 89E137411925B11000A3EFB7 /* Products */;
			projectDirPath = "";
			projectRoot = "";
			targets = (
				89E1373F1925B11000A3EFB7 /* Tourbillon */,
				89E137561925B11000A3EFB7 /* TourbillonTests */,
				89E137711925B13D00A3EFB7 /* Tourbillon-iOS */,
				89E1377F1925B13D00A3EFB7 /* Tourbillon-iOSTests */,
			);
		};
/* End PBXProject section */

/* Begin PBXResourcesBuildPhase section */
		89E1373E1925B11000A3EFB7 /* Resources */ = {
			isa = PBXResourcesBuildPhase;
			buildActionMask = 2147483647;
			files = (
				89E1374E1925B11000A3EFB7 /* InfoPlist.strings in Resources */,
			);
			runOnlyForDeploymentPostprocessing = 0;
		};
		89E137551925B11000A3EFB7 /* Resources */ = {
			isa = PBXResourcesBuildPhase;
			buildActionMask = 2147483647;
			files = (
				89E137631925B11000A3EFB7 /* InfoPlist.strings in Resources */,
			);
			runOnlyForDeploymentPostprocessing = 0;
		};
		89E1377E1925B13D00A3EFB7 /* Resources */ = {
			isa = PBXResourcesBuildPhase;
			buildActionMask = 2147483647;
			files = (
				89E1378D1925B13D00A3EFB7 /* InfoPlist.strings in Resources */,
			);
			runOnlyForDeploymentPostprocessing = 0;
		};
/* End PBXResourcesBuildPhase section */

/* Begin PBXSourcesBuildPhase section */
		89E1373B1925B11000A3EFB7 /* Sources */ = {
			isa = PBXSourcesBuildPhase;
			buildActionMask = 2147483647;
			files = (
				89E1381E1925B25C00A3EFB7 /* DCImageUtility.m in Sources */,
				89E137D81925B24800A3EFB7 /* NSString+DCParseCSV.m in Sources */,
				8987B4C2196F781500852C5D /* DCTree.m in Sources */,
				89347B5F1964F84900BCD74C /* NSObject+DCMainThreadAsyncReactive.m in Sources */,
				89E137EE1925B24F00A3EFB7 /* DCLogger.m in Sources */,
				89E1383C1925B25C00A3EFB7 /* DCWatchedOperationQueue.m in Sources */,
				89347B3D1964F70100BCD74C /* NSMutableData+DCGCDThreadSafe.m in Sources */,
				89E138191925B25C00A3EFB7 /* DCHTTPOperation.m in Sources */,
				89E137BF1925B24800A3EFB7 /* NSDictionary+DCSortable.m in Sources */,
				89347B521964F77800BCD74C /* NSWindowController+DCCenterToScreen.m in Sources */,
				89E138411925B25C00A3EFB7 /* DCWebUtility.m in Sources */,
				89E138231925B25C00A3EFB7 /* DCRPNUtility.m in Sources */,
				89E138511925B61900A3EFB7 /* NSColor+DCAdditions.m in Sources */,
				89E138141925B25C00A3EFB7 /* DCCommonUtility.m in Sources */,
				89347B431964F70100BCD74C /* NSMutableSet+DCGCDThreadSafe.m in Sources */,
				89E137B51925B24800A3EFB7 /* NSData+DCBase64.m in Sources */,
				8952D2F1196CE3410068CBCF /* NSArray+DCContentExtension.m in Sources */,
				8987B4C5196F781500852C5D /* DCTreeNode.m in Sources */,
				89E138281925B25C00A3EFB7 /* DCRunLoopOperation.m in Sources */,
				89CA258B1962FE1300471681 /* NSColor+DCColorful.m in Sources */,
				89347B401964F70100BCD74C /* NSMutableDictionary+DCGCDThreadSafe.m in Sources */,
				89347B5C1964F84900BCD74C /* NSObject+DCSwizzle.m in Sources */,
				89E137CE1925B24800A3EFB7 /* NSString+DCBase64.m in Sources */,
				8952D2F6196D07230068CBCF /* NSObject+DCUUIDExtension.m in Sources */,
				892EE3BA1938C61200571890 /* NSData+DCLibrarySupport.m in Sources */,
				89347B501964F77800BCD74C /* NSViewController+DCViewLogic.m in Sources */,
				892EE3AB1938C36400571890 /* NSBundle+DCLibrarySupport.m in Sources */,
				89347B3A1964F70100BCD74C /* NSMutableArray+DCGCDThreadSafe.m in Sources */,
				89E138371925B25C00A3EFB7 /* DCUIMainThreadGuard.m in Sources */,
				89347B491964F70100BCD74C /* NSObject+DCGCDThreadSafe.m in Sources */,
				89E137D31925B24800A3EFB7 /* NSString+DCCrypto.m in Sources */,
				89E137DD1925B24800A3EFB7 /* NSString+DCURLCoding.m in Sources */,
				89E137F81925B25600A3EFB7 /* DCTestBlocker.m in Sources */,
				89E1382D1925B25C00A3EFB7 /* DCStack.m in Sources */,
				89E137C41925B24800A3EFB7 /* NSNumber+DCRandom.m in Sources */,
				89347B591964F84900BCD74C /* NSURL+DCUTTypeSupport.m in Sources */,
				89347B461964F70100BCD74C /* NSMutableString+DCGCDThreadSafe.m in Sources */,
			);
			runOnlyForDeploymentPostprocessing = 0;
		};
		89E137531925B11000A3EFB7 /* Sources */ = {
			isa = PBXSourcesBuildPhase;
			buildActionMask = 2147483647;
			files = (
				89E1381F1925B25C00A3EFB7 /* DCImageUtility.m in Sources */,
				89E137D91925B24800A3EFB7 /* NSString+DCParseCSV.m in Sources */,
				89E137EF1925B24F00A3EFB7 /* DCLogger.m in Sources */,
				89E1383D1925B25C00A3EFB7 /* DCWatchedOperationQueue.m in Sources */,
				89E1381A1925B25C00A3EFB7 /* DCHTTPOperation.m in Sources */,
				89E137C01925B24800A3EFB7 /* NSDictionary+DCSortable.m in Sources */,
				892EE3AC1938C36400571890 /* NSBundle+DCLibrarySupport.m in Sources */,
				89E138421925B25C00A3EFB7 /* DCWebUtility.m in Sources */,
				89E138241925B25C00A3EFB7 /* DCRPNUtility.m in Sources */,
				89E138521925B61900A3EFB7 /* NSColor+DCAdditions.m in Sources */,
				89E137651925B11000A3EFB7 /* TourbillonTests.m in Sources */,
				89E138151925B25C00A3EFB7 /* DCCommonUtility.m in Sources */,
				89E137B61925B24800A3EFB7 /* NSData+DCBase64.m in Sources */,
				892EE3BB1938C61200571890 /* NSData+DCLibrarySupport.m in Sources */,
				89E138291925B25C00A3EFB7 /* DCRunLoopOperation.m in Sources */,
				89E137CF1925B24800A3EFB7 /* NSString+DCBase64.m in Sources */,
				89E138381925B25C00A3EFB7 /* DCUIMainThreadGuard.m in Sources */,
				89E137D41925B24800A3EFB7 /* NSString+DCCrypto.m in Sources */,
				89E137DE1925B24800A3EFB7 /* NSString+DCURLCoding.m in Sources */,
				89E137F91925B25600A3EFB7 /* DCTestBlocker.m in Sources */,
				89E1382E1925B25C00A3EFB7 /* DCStack.m in Sources */,
				89E137C51925B24800A3EFB7 /* NSNumber+DCRandom.m in Sources */,
			);
			runOnlyForDeploymentPostprocessing = 0;
		};
		89E1376E1925B13D00A3EFB7 /* Sources */ = {
			isa = PBXSourcesBuildPhase;
			buildActionMask = 2147483647;
			files = (
				89E138201925B25C00A3EFB7 /* DCImageUtility.m in Sources */,
				894DF6E919394C0B00EF9C9C /* UIViewController+DCLibrarySupport.m in Sources */,
				8987B4C3196F781500852C5D /* DCTree.m in Sources */,
				89347B601964F84900BCD74C /* NSObject+DCMainThreadAsyncReactive.m in Sources */,
				89E137DA1925B24800A3EFB7 /* NSString+DCParseCSV.m in Sources */,
				89E137F01925B24F00A3EFB7 /* DCLogger.m in Sources */,
				89E1383E1925B25C00A3EFB7 /* DCWatchedOperationQueue.m in Sources */,
				89347B3E1964F70100BCD74C /* NSMutableData+DCGCDThreadSafe.m in Sources */,
				89E1381B1925B25C00A3EFB7 /* DCHTTPOperation.m in Sources */,
				89E137C11925B24800A3EFB7 /* NSDictionary+DCSortable.m in Sources */,
				89E138431925B25C00A3EFB7 /* DCWebUtility.m in Sources */,
				89E138251925B25C00A3EFB7 /* DCRPNUtility.m in Sources */,
				891F1F83196391F700796F46 /* UIColor+DCColorful.m in Sources */,
				89E1384B1925B61000A3EFB7 /* UIColor+DCAdditions.m in Sources */,
				89347B441964F70100BCD74C /* NSMutableSet+DCGCDThreadSafe.m in Sources */,
				89E138161925B25C00A3EFB7 /* DCCommonUtility.m in Sources */,
				8952D2F2196CE3410068CBCF /* NSArray+DCContentExtension.m in Sources */,
				8987B4C6196F781500852C5D /* DCTreeNode.m in Sources */,
				89E137B71925B24800A3EFB7 /* NSData+DCBase64.m in Sources */,
				892EE3BC1938C61200571890 /* NSData+DCLibrarySupport.m in Sources */,
				89E1382A1925B25C00A3EFB7 /* DCRunLoopOperation.m in Sources */,
				89347B5D1964F84900BCD74C /* NSObject+DCSwizzle.m in Sources */,
				89347B411964F70100BCD74C /* NSMutableDictionary+DCGCDThreadSafe.m in Sources */,
				8952D2F7196D07230068CBCF /* NSObject+DCUUIDExtension.m in Sources */,
				89E137D01925B24800A3EFB7 /* NSString+DCBase64.m in Sources */,
				892EE3B11938C4BB00571890 /* UIImage+DCLibrarySupport.m in Sources */,
				89347B3B1964F70100BCD74C /* NSMutableArray+DCGCDThreadSafe.m in Sources */,
				89E138391925B25C00A3EFB7 /* DCUIMainThreadGuard.m in Sources */,
				892EE3AD1938C36400571890 /* NSBundle+DCLibrarySupport.m in Sources */,
				89347B4A1964F70100BCD74C /* NSObject+DCGCDThreadSafe.m in Sources */,
				89E137D51925B24800A3EFB7 /* NSString+DCCrypto.m in Sources */,
				89E137DF1925B24800A3EFB7 /* NSString+DCURLCoding.m in Sources */,
				89E137FA1925B25600A3EFB7 /* DCTestBlocker.m in Sources */,
				89E1382F1925B25C00A3EFB7 /* DCStack.m in Sources */,
				89E137C61925B24800A3EFB7 /* NSNumber+DCRandom.m in Sources */,
				89347B5A1964F84900BCD74C /* NSURL+DCUTTypeSupport.m in Sources */,
				89347B471964F70100BCD74C /* NSMutableString+DCGCDThreadSafe.m in Sources */,
			);
			runOnlyForDeploymentPostprocessing = 0;
		};
		89E1377C1925B13D00A3EFB7 /* Sources */ = {
			isa = PBXSourcesBuildPhase;
			buildActionMask = 2147483647;
			files = (
				89E138211925B25C00A3EFB7 /* DCImageUtility.m in Sources */,
				892EE3AE1938C36400571890 /* NSBundle+DCLibrarySupport.m in Sources */,
				89E137DB1925B24800A3EFB7 /* NSString+DCParseCSV.m in Sources */,
				892EE3B21938C4BB00571890 /* UIImage+DCLibrarySupport.m in Sources */,
				89E137F11925B24F00A3EFB7 /* DCLogger.m in Sources */,
				89E1383F1925B25C00A3EFB7 /* DCWatchedOperationQueue.m in Sources */,
				89E1381C1925B25C00A3EFB7 /* DCHTTPOperation.m in Sources */,
				89E137C21925B24800A3EFB7 /* NSDictionary+DCSortable.m in Sources */,
				89E138441925B25C00A3EFB7 /* DCWebUtility.m in Sources */,
				89E138261925B25C00A3EFB7 /* DCRPNUtility.m in Sources */,
				89E1384C1925B61000A3EFB7 /* UIColor+DCAdditions.m in Sources */,
				89E1378F1925B13D00A3EFB7 /* Tourbillon_iOSTests.m in Sources */,
				892EE3BD1938C61200571890 /* NSData+DCLibrarySupport.m in Sources */,
				89E138171925B25C00A3EFB7 /* DCCommonUtility.m in Sources */,
				89E137B81925B24800A3EFB7 /* NSData+DCBase64.m in Sources */,
				89E1382B1925B25C00A3EFB7 /* DCRunLoopOperation.m in Sources */,
				89E137D11925B24800A3EFB7 /* NSString+DCBase64.m in Sources */,
				894DF6EA19394C0B00EF9C9C /* UIViewController+DCLibrarySupport.m in Sources */,
				89E1383A1925B25C00A3EFB7 /* DCUIMainThreadGuard.m in Sources */,
				89E137D61925B24800A3EFB7 /* NSString+DCCrypto.m in Sources */,
				89E137E01925B24800A3EFB7 /* NSString+DCURLCoding.m in Sources */,
				89E137FB1925B25600A3EFB7 /* DCTestBlocker.m in Sources */,
				89E138301925B25C00A3EFB7 /* DCStack.m in Sources */,
				89E137C71925B24800A3EFB7 /* NSNumber+DCRandom.m in Sources */,
			);
			runOnlyForDeploymentPostprocessing = 0;
		};
/* End PBXSourcesBuildPhase section */

/* Begin PBXTargetDependency section */
		89E1375C1925B11000A3EFB7 /* PBXTargetDependency */ = {
			isa = PBXTargetDependency;
			target = 89E1373F1925B11000A3EFB7 /* Tourbillon */;
			targetProxy = 89E1375B1925B11000A3EFB7 /* PBXContainerItemProxy */;
		};
		89E137861925B13D00A3EFB7 /* PBXTargetDependency */ = {
			isa = PBXTargetDependency;
			target = 89E137711925B13D00A3EFB7 /* Tourbillon-iOS */;
			targetProxy = 89E137851925B13D00A3EFB7 /* PBXContainerItemProxy */;
		};
/* End PBXTargetDependency section */

/* Begin PBXVariantGroup section */
		89E1374C1925B11000A3EFB7 /* InfoPlist.strings */ = {
			isa = PBXVariantGroup;
			children = (
				89E1374D1925B11000A3EFB7 /* en */,
			);
			name = InfoPlist.strings;
			sourceTree = "<group>";
		};
		89E137611925B11000A3EFB7 /* InfoPlist.strings */ = {
			isa = PBXVariantGroup;
			children = (
				89E137621925B11000A3EFB7 /* en */,
			);
			name = InfoPlist.strings;
			sourceTree = "<group>";
		};
		89E1378B1925B13D00A3EFB7 /* InfoPlist.strings */ = {
			isa = PBXVariantGroup;
			children = (
				89E1378C1925B13D00A3EFB7 /* en */,
			);
			name = InfoPlist.strings;
			sourceTree = "<group>";
		};
/* End PBXVariantGroup section */

/* Begin XCBuildConfiguration section */
		89E137661925B11000A3EFB7 /* Debug */ = {
			isa = XCBuildConfiguration;
			buildSettings = {
				ALWAYS_SEARCH_USER_PATHS = NO;
				CLANG_CXX_LANGUAGE_STANDARD = "gnu++0x";
				CLANG_CXX_LIBRARY = "libc++";
				CLANG_ENABLE_MODULES = YES;
				CLANG_ENABLE_OBJC_ARC = YES;
				CLANG_WARN_BOOL_CONVERSION = YES;
				CLANG_WARN_CONSTANT_CONVERSION = YES;
				CLANG_WARN_DIRECT_OBJC_ISA_USAGE = YES_ERROR;
				CLANG_WARN_EMPTY_BODY = YES;
				CLANG_WARN_ENUM_CONVERSION = YES;
				CLANG_WARN_INT_CONVERSION = YES;
				CLANG_WARN_OBJC_ROOT_CLASS = YES_ERROR;
				CLANG_WARN__DUPLICATE_METHOD_MATCH = YES;
				COPY_PHASE_STRIP = NO;
				GCC_C_LANGUAGE_STANDARD = gnu99;
				GCC_DYNAMIC_NO_PIC = NO;
				GCC_ENABLE_OBJC_EXCEPTIONS = YES;
				GCC_OPTIMIZATION_LEVEL = 0;
				GCC_PREPROCESSOR_DEFINITIONS = (
					"DEBUG=1",
					"$(inherited)",
				);
				GCC_SYMBOLS_PRIVATE_EXTERN = NO;
				GCC_WARN_64_TO_32_BIT_CONVERSION = YES;
				GCC_WARN_ABOUT_RETURN_TYPE = YES_ERROR;
				GCC_WARN_UNDECLARED_SELECTOR = YES;
				GCC_WARN_UNINITIALIZED_AUTOS = YES_AGGRESSIVE;
				GCC_WARN_UNUSED_FUNCTION = YES;
				GCC_WARN_UNUSED_VARIABLE = YES;
				MACOSX_DEPLOYMENT_TARGET = 10.9;
				ONLY_ACTIVE_ARCH = YES;
				SDKROOT = macosx;
			};
			name = Debug;
		};
		89E137671925B11000A3EFB7 /* Release */ = {
			isa = XCBuildConfiguration;
			buildSettings = {
				ALWAYS_SEARCH_USER_PATHS = NO;
				CLANG_CXX_LANGUAGE_STANDARD = "gnu++0x";
				CLANG_CXX_LIBRARY = "libc++";
				CLANG_ENABLE_MODULES = YES;
				CLANG_ENABLE_OBJC_ARC = YES;
				CLANG_WARN_BOOL_CONVERSION = YES;
				CLANG_WARN_CONSTANT_CONVERSION = YES;
				CLANG_WARN_DIRECT_OBJC_ISA_USAGE = YES_ERROR;
				CLANG_WARN_EMPTY_BODY = YES;
				CLANG_WARN_ENUM_CONVERSION = YES;
				CLANG_WARN_INT_CONVERSION = YES;
				CLANG_WARN_OBJC_ROOT_CLASS = YES_ERROR;
				CLANG_WARN__DUPLICATE_METHOD_MATCH = YES;
				COPY_PHASE_STRIP = YES;
				DEBUG_INFORMATION_FORMAT = "dwarf-with-dsym";
				ENABLE_NS_ASSERTIONS = NO;
				GCC_C_LANGUAGE_STANDARD = gnu99;
				GCC_ENABLE_OBJC_EXCEPTIONS = YES;
				GCC_WARN_64_TO_32_BIT_CONVERSION = YES;
				GCC_WARN_ABOUT_RETURN_TYPE = YES_ERROR;
				GCC_WARN_UNDECLARED_SELECTOR = YES;
				GCC_WARN_UNINITIALIZED_AUTOS = YES_AGGRESSIVE;
				GCC_WARN_UNUSED_FUNCTION = YES;
				GCC_WARN_UNUSED_VARIABLE = YES;
				MACOSX_DEPLOYMENT_TARGET = 10.9;
				SDKROOT = macosx;
			};
			name = Release;
		};
		89E137691925B11000A3EFB7 /* Debug */ = {
			isa = XCBuildConfiguration;
			buildSettings = {
				ARCHS = "$(ARCHS_STANDARD)";
				COMBINE_HIDPI_IMAGES = YES;
				DYLIB_COMPATIBILITY_VERSION = 1;
				DYLIB_CURRENT_VERSION = 1;
				FRAMEWORK_VERSION = A;
				GCC_PRECOMPILE_PREFIX_HEADER = YES;
				GCC_PREFIX_HEADER = "Tourbillon/Tourbillon-Prefix.pch";
				INFOPLIST_FILE = "Tourbillon/Tourbillon-Info.plist";
				ONLY_ACTIVE_ARCH = NO;
				PRODUCT_NAME = "$(TARGET_NAME)";
				WRAPPER_EXTENSION = framework;
			};
			name = Debug;
		};
		89E1376A1925B11000A3EFB7 /* Release */ = {
			isa = XCBuildConfiguration;
			buildSettings = {
				ARCHS = "$(ARCHS_STANDARD)";
				COMBINE_HIDPI_IMAGES = YES;
				DYLIB_COMPATIBILITY_VERSION = 1;
				DYLIB_CURRENT_VERSION = 1;
				FRAMEWORK_VERSION = A;
				GCC_PRECOMPILE_PREFIX_HEADER = YES;
				GCC_PREFIX_HEADER = "Tourbillon/Tourbillon-Prefix.pch";
				INFOPLIST_FILE = "Tourbillon/Tourbillon-Info.plist";
				ONLY_ACTIVE_ARCH = NO;
				PRODUCT_NAME = "$(TARGET_NAME)";
				WRAPPER_EXTENSION = framework;
			};
			name = Release;
		};
		89E1376C1925B11000A3EFB7 /* Debug */ = {
			isa = XCBuildConfiguration;
			buildSettings = {
				BUNDLE_LOADER = "$(BUILT_PRODUCTS_DIR)/Tourbillon.framework/Versions/A/Tourbillon";
				COMBINE_HIDPI_IMAGES = YES;
				FRAMEWORK_SEARCH_PATHS = (
					"$(DEVELOPER_FRAMEWORKS_DIR)",
					"$(inherited)",
				);
				GCC_PRECOMPILE_PREFIX_HEADER = YES;
				GCC_PREFIX_HEADER = "Tourbillon/Tourbillon-Prefix.pch";
				GCC_PREPROCESSOR_DEFINITIONS = (
					"DEBUG=1",
					"$(inherited)",
				);
				INFOPLIST_FILE = "TourbillonTests/TourbillonTests-Info.plist";
				PRODUCT_NAME = "$(TARGET_NAME)";
				TEST_HOST = "$(BUNDLE_LOADER)";
				WRAPPER_EXTENSION = xctest;
			};
			name = Debug;
		};
		89E1376D1925B11000A3EFB7 /* Release */ = {
			isa = XCBuildConfiguration;
			buildSettings = {
				BUNDLE_LOADER = "$(BUILT_PRODUCTS_DIR)/Tourbillon.framework/Versions/A/Tourbillon";
				COMBINE_HIDPI_IMAGES = YES;
				FRAMEWORK_SEARCH_PATHS = (
					"$(DEVELOPER_FRAMEWORKS_DIR)",
					"$(inherited)",
				);
				GCC_PRECOMPILE_PREFIX_HEADER = YES;
				GCC_PREFIX_HEADER = "Tourbillon/Tourbillon-Prefix.pch";
				INFOPLIST_FILE = "TourbillonTests/TourbillonTests-Info.plist";
				PRODUCT_NAME = "$(TARGET_NAME)";
				TEST_HOST = "$(BUNDLE_LOADER)";
				WRAPPER_EXTENSION = xctest;
			};
			name = Release;
		};
		89E137911925B13D00A3EFB7 /* Debug */ = {
			isa = XCBuildConfiguration;
			buildSettings = {
				DSTROOT = /tmp/Tourbillon_iOS.dst;
				GCC_PRECOMPILE_PREFIX_HEADER = YES;
				GCC_PREFIX_HEADER = "Tourbillon-iOS/Tourbillon-iOS-Prefix.pch";
				GCC_PREPROCESSOR_DEFINITIONS = (
					"DEBUG=1",
					"$(inherited)",
				);
				IPHONEOS_DEPLOYMENT_TARGET = 7.1;
				ONLY_ACTIVE_ARCH = NO;
				OTHER_LDFLAGS = "-ObjC";
				PRODUCT_NAME = "$(TARGET_NAME)";
				SDKROOT = iphoneos;
				SKIP_INSTALL = YES;
			};
			name = Debug;
		};
		89E137921925B13D00A3EFB7 /* Release */ = {
			isa = XCBuildConfiguration;
			buildSettings = {
				DSTROOT = /tmp/Tourbillon_iOS.dst;
				GCC_PRECOMPILE_PREFIX_HEADER = YES;
				GCC_PREFIX_HEADER = "Tourbillon-iOS/Tourbillon-iOS-Prefix.pch";
				IPHONEOS_DEPLOYMENT_TARGET = 7.1;
				ONLY_ACTIVE_ARCH = NO;
				OTHER_LDFLAGS = "-ObjC";
				PRODUCT_NAME = "$(TARGET_NAME)";
				SDKROOT = iphoneos;
				SKIP_INSTALL = YES;
				VALIDATE_PRODUCT = YES;
			};
			name = Release;
		};
		89E137941925B13D00A3EFB7 /* Debug */ = {
			isa = XCBuildConfiguration;
			buildSettings = {
				BUNDLE_LOADER = "$(BUILT_PRODUCTS_DIR)/Tourbillon.framework/Versions/A/Tourbillon";
				FRAMEWORK_SEARCH_PATHS = (
					"$(SDKROOT)/Developer/Library/Frameworks",
					"$(inherited)",
					"$(DEVELOPER_FRAMEWORKS_DIR)",
				);
				GCC_PRECOMPILE_PREFIX_HEADER = YES;
				GCC_PREFIX_HEADER = "Tourbillon-iOS/Tourbillon-iOS-Prefix.pch";
				GCC_PREPROCESSOR_DEFINITIONS = (
					"DEBUG=1",
					"$(inherited)",
				);
				INFOPLIST_FILE = "Tourbillon-iOSTests/Tourbillon-iOSTests-Info.plist";
				IPHONEOS_DEPLOYMENT_TARGET = 7.1;
				PRODUCT_NAME = "$(TARGET_NAME)";
				SDKROOT = iphoneos;
				TEST_HOST = "$(BUNDLE_LOADER)";
				WRAPPER_EXTENSION = xctest;
			};
			name = Debug;
		};
		89E137951925B13D00A3EFB7 /* Release */ = {
			isa = XCBuildConfiguration;
			buildSettings = {
				BUNDLE_LOADER = "$(BUILT_PRODUCTS_DIR)/Tourbillon.framework/Versions/A/Tourbillon";
				FRAMEWORK_SEARCH_PATHS = (
					"$(SDKROOT)/Developer/Library/Frameworks",
					"$(inherited)",
					"$(DEVELOPER_FRAMEWORKS_DIR)",
				);
				GCC_PRECOMPILE_PREFIX_HEADER = YES;
				GCC_PREFIX_HEADER = "Tourbillon-iOS/Tourbillon-iOS-Prefix.pch";
				INFOPLIST_FILE = "Tourbillon-iOSTests/Tourbillon-iOSTests-Info.plist";
				IPHONEOS_DEPLOYMENT_TARGET = 7.1;
				PRODUCT_NAME = "$(TARGET_NAME)";
				SDKROOT = iphoneos;
				TEST_HOST = "$(BUNDLE_LOADER)";
				VALIDATE_PRODUCT = YES;
				WRAPPER_EXTENSION = xctest;
			};
			name = Release;
		};
/* End XCBuildConfiguration section */

/* Begin XCConfigurationList section */
		89E1373A1925B11000A3EFB7 /* Build configuration list for PBXProject "Tourbillon" */ = {
			isa = XCConfigurationList;
			buildConfigurations = (
				89E137661925B11000A3EFB7 /* Debug */,
				89E137671925B11000A3EFB7 /* Release */,
			);
			defaultConfigurationIsVisible = 0;
			defaultConfigurationName = Release;
		};
		89E137681925B11000A3EFB7 /* Build configuration list for PBXNativeTarget "Tourbillon" */ = {
			isa = XCConfigurationList;
			buildConfigurations = (
				89E137691925B11000A3EFB7 /* Debug */,
				89E1376A1925B11000A3EFB7 /* Release */,
			);
			defaultConfigurationIsVisible = 0;
			defaultConfigurationName = Release;
		};
		89E1376B1925B11000A3EFB7 /* Build configuration list for PBXNativeTarget "TourbillonTests" */ = {
			isa = XCConfigurationList;
			buildConfigurations = (
				89E1376C1925B11000A3EFB7 /* Debug */,
				89E1376D1925B11000A3EFB7 /* Release */,
			);
			defaultConfigurationIsVisible = 0;
			defaultConfigurationName = Release;
		};
		89E137901925B13D00A3EFB7 /* Build configuration list for PBXNativeTarget "Tourbillon-iOS" */ = {
			isa = XCConfigurationList;
			buildConfigurations = (
				89E137911925B13D00A3EFB7 /* Debug */,
				89E137921925B13D00A3EFB7 /* Release */,
			);
			defaultConfigurationIsVisible = 0;
			defaultConfigurationName = Release;
		};
		89E137931925B13D00A3EFB7 /* Build configuration list for PBXNativeTarget "Tourbillon-iOSTests" */ = {
			isa = XCConfigurationList;
			buildConfigurations = (
				89E137941925B13D00A3EFB7 /* Debug */,
				89E137951925B13D00A3EFB7 /* Release */,
			);
			defaultConfigurationIsVisible = 0;
			defaultConfigurationName = Release;
		};
/* End XCConfigurationList section */
	};
	rootObject = 89E137371925B11000A3EFB7 /* Project object */;
}
